Microsoft Visual Studio Solution File, Format Version 10.00
# Visual Studio 2008
Project("{2150E333-8FDC-42A3-9474-1A3956D46DE8}") = "(JavaScriptCore)", "..\..\..\..\..\..\third_party\WebKit\Source\JavaScriptCore", "{890876AF-329E-A0A3-4767-BCDF1E3A9A5F}"
EndProject
Project("{2150E333-8FDC-42A3-9474-1A3956D46DE8}") = "(JavaScriptCore.gyp)", "..\..\..\..\..\..\third_party\WebKit\Source\JavaScriptCore\JavaScriptCore.gyp", "{E5FE4C71-00DC-CF87-A85D-BCDA34DA8E6E}"
EndProject
Project("{2150E333-8FDC-42A3-9474-1A3956D46DE8}") = "(Source)", "..\..\..\..\..\..\third_party\WebKit\Source", "{D5536B1B-0215-0B8D-2C6B-01AF474C999D}"
EndProject
Project("{2150E333-8FDC-42A3-9474-1A3956D46DE8}") = "(ThirdParty)", "..\..\..\..\..\..\third_party\WebKit\Source\ThirdParty", "{5907F020-F049-CB45-E7D0-3A55ADE6D49E}"
EndProject
Project("{2150E333-8FDC-42A3-9474-1A3956D46DE8}") = "(WebCore)", "..\..\..\..\..\..\third_party\WebKit\Source\WebCore", "{0B179ABE-B93E-9EEB-A0AC-522069DD2DB9}"
EndProject
Project("{2150E333-8FDC-42A3-9474-1A3956D46DE8}") = "(WebCore.gyp)", "..\..\..\..\..\..\third_party\WebKit\Source\WebCore\WebCore.gyp", "{3482FB59-C3AD-3C81-B977-BF081F4C743D}"
EndProject
Project("{2150E333-8FDC-42A3-9474-1A3956D46DE8}") = "(WebKit)", "..\..\..\..\..\..\third_party\WebKit", "{7C6CDB29-38D7-8364-748C-AEAAD8CCFB36}"
EndProject
Project("{2150E333-8FDC-42A3-9474-1A3956D46DE8}") = "(angle)", "..\..\..\..\..\..\third_party\angle", "{E84BD6B4-44F2-6E18-7DE5-1E60AEB78443}"
EndProject
Project("{2150E333-8FDC-42A3-9474-1A3956D46DE8}") = "(base)", "..\..\..\..\..\..\ui\base", "{4D091BEB-A76B-E8AB-36FD-0A80BA9DE97D}"
EndProject
Project("{2150E333-8FDC-42A3-9474-1A3956D46DE8}") = "(base)", "..\..\..\..\..\..\base", "{9785FB75-982A-5DE3-252D-3F288B9FEF5B}"
EndProject
Project("{2150E333-8FDC-42A3-9474-1A3956D46DE8}") = "(build)", "..\..\..\..\..\..\third_party\v8-i18n\build", "{B1454302-08CC-4DE1-86ED-9EFD23B0B19E}"
EndProject
Project("{2150E333-8FDC-42A3-9474-1A3956D46DE8}") = "(build)", "..\..\..\..\..\..\build", "{BC1FC5DA-9C54-7D77-0BFF-DEDDFD7A8F6C}"
EndProject
Project("{2150E333-8FDC-42A3-9474-1A3956D46DE8}") = "(gfx)", "..\..\..\..\..\..\ui\gfx", "{444F34C0-8E76-FF80-D66A-CDECEA56E6CF}"
EndProject
Project("{2150E333-8FDC-42A3-9474-1A3956D46DE8}") = "(glu)", "..\..\..\..\..\..\third_party\WebKit\Source\ThirdParty\glu", "{5274A0C3-F95D-6D0B-33BA-44B335D6D80B}"
EndProject
Project("{2150E333-8FDC-42A3-9474-1A3956D46DE8}") = "(gpu)", "..\..\..\..\..\..\gpu", "{C2E276B7-2737-A889-723C-CE2956B80FB7}"
EndProject
Project("{2150E333-8FDC-42A3-9474-1A3956D46DE8}") = "(gyp)", "..\..\..\..\..\..\v8\tools\gyp", "{7FAA885C-04CF-4C6B-16F0-E9F0B44641AF}"
EndProject
Project("{2150E333-8FDC-42A3-9474-1A3956D46DE8}") = "(icu)", "..\..\..\..\..\..\third_party\icu", "{2DE59335-96CE-10CA-CDE5-FEC35E3549BB}"
EndProject
Project("{2150E333-8FDC-42A3-9474-1A3956D46DE8}") = "(libjpeg_turbo)", "..\..\..\..\..\..\third_party\libjpeg_turbo", "{A9EB8559-7015-13E0-0462-D9901FC693FD}"
EndProject
Project("{2150E333-8FDC-42A3-9474-1A3956D46DE8}") = "(libwebp)", "..\..\..\..\..\..\third_party\libwebp", "{476259E6-2A82-0B89-08ED-5CD6A088F90C}"
EndProject
Project("{2150E333-8FDC-42A3-9474-1A3956D46DE8}") = "(net)", "..\..\..\..\..\..\net", "{96A8EC63-88DB-B85C-EEBC-43667C60DEB3}"
EndProject
Project("{2150E333-8FDC-42A3-9474-1A3956D46DE8}") = "(nss)", "..\..\..\..\..\..\net\third_party\nss", "{91989827-5B0C-52D9-1FE9-9553D672A5E7}"
EndProject
Project("{2150E333-8FDC-42A3-9474-1A3956D46DE8}") = "(nss)", "..\..\..\..\..\..\third_party\nss", "{CD014008-1CDB-809B-D770-C67A261539F7}"
EndProject
Project("{2150E333-8FDC-42A3-9474-1A3956D46DE8}") = "(skia)", "..\..\..\..\..\..\skia", "{5B17195B-58DF-4533-4FE7-D2747913694E}"
EndProject
Project("{2150E333-8FDC-42A3-9474-1A3956D46DE8}") = "(src)", "..\..\..\..\..\..\third_party\angle\src", "{1AF8C68F-B8D1-BD7D-27E7-9BA001DECAFD}"
EndProject
Project("{2150E333-8FDC-42A3-9474-1A3956D46DE8}") = "(strings)", "..\..\..\..\..\..\ui\base\strings", "{C7F83F05-8335-05BC-FABC-52BB99106795}"
EndProject
Project("{2150E333-8FDC-42A3-9474-1A3956D46DE8}") = "(temp_gyp)", "..\..\..\..\..\..\build\temp_gyp", "{299D9456-929B-5224-943D-BFC2576C69EA}"
EndProject
Project("{2150E333-8FDC-42A3-9474-1A3956D46DE8}") = "(third_party)", "..\..\..\..\..\..\base\third_party", "{3E7FA5AF-27B3-2DE0-883C-12F98E7F4E81}"
EndProject
Project("{2150E333-8FDC-42A3-9474-1A3956D46DE8}") = "(third_party)", "..\..\..\..\..\..\net\third_party", "{5A566D8E-9FAB-ED62-0C7C-BD22FF9AF8A2}"
EndProject
Project("{2150E333-8FDC-42A3-9474-1A3956D46DE8}") = "(third_party)", "..\..\..\..\..\..\third_party", "{89C816A7-DD31-D54C-C69C-5A80E0C49B77}"
EndProject
Project("{2150E333-8FDC-42A3-9474-1A3956D46DE8}") = "(tools)", "..\..\..\..\..\..\v8\tools", "{E95778BD-E4AC-C3D0-84EF-83684E04593A}"
EndProject
Project("{2150E333-8FDC-42A3-9474-1A3956D46DE8}") = "(ui)", "..\..\..\..\..\..\ui", "{644B7826-0417-C19E-B1ED-C0BF73289DEE}"
EndProject
Project("{2150E333-8FDC-42A3-9474-1A3956D46DE8}") = "(v8)", "..\..\..\..\..\..\v8", "{F3545621-A177-A1E7-26DB-108FF716F075}"
EndProject
Project("{2150E333-8FDC-42A3-9474-1A3956D46DE8}") = "(v8-i18n)", "..\..\..\..\..\..\third_party\v8-i18n", "{EE1A9025-A3DC-0B5E-CE5A-657A233913B2}"
EndProject
Project("{2150E333-8FDC-42A3-9474-1A3956D46DE8}") = "(win)", "..\..\..\..\..\..\build\win", "{E8172FD5-71EF-020B-71B0-9838CD43BF8E}"
EndProject
Project("{8BC9CEB8-8B4A-11D0-8D11-00A0C91BC942}") = "api2c", "..\..\..\..\v8-i18n\build\api2c.vcproj", "{E5F91912-1D2E-722A-4454-BB66B34A2A8E}"
EndProject
Project("{8BC9CEB8-8B4A-11D0-8D11-00A0C91BC942}") = "base", "..\..\..\..\..\base\base.vcproj", "{0BFC078D-10E5-1E26-46A4-DD6A65D3A870}"
EndProject
Project("{8BC9CEB8-8B4A-11D0-8D11-00A0C91BC942}") = "base_i18n", "..\..\..\..\..\base\base_i18n.vcproj", "{9E201604-82A4-D058-C20E-40EFA0C8DD4C}"
EndProject
Project("{8BC9CEB8-8B4A-11D0-8D11-00A0C91BC942}") = "base_static", "..\..\..\..\..\base\base_static.vcproj", "{1B1B260C-1F5C-D07A-7D05-9D70F24BA0A8}"
EndProject
Project("{8BC9CEB8-8B4A-11D0-8D11-00A0C91BC942}") = "command_buffer_client", "..\..\..\..\..\gpu\command_buffer_client.vcproj", "{73567E7A-CD96-9778-5847-70084CD79BAD}"
EndProject
Project("{8BC9CEB8-8B4A-11D0-8D11-00A0C91BC942}") = "command_buffer_common", "..\..\..\..\..\gpu\command_buffer_common.vcproj", "{86DB0F97-A41F-34F1-2F87-CB28A427FA21}"
EndProject
Project("{8BC9CEB8-8B4A-11D0-8D11-00A0C91BC942}") = "crypto", "..\..\..\..\..\crypto\crypto.vcproj", "{38B5A904-83DA-0F54-4AF1-ABEDD76AA98B}"
EndProject
Project("{8BC9CEB8-8B4A-11D0-8D11-00A0C91BC942}") = "cygwin", "..\..\..\..\..\build\win\cygwin.vcproj", "{D28CF9C7-B857-C11E-B94D-ECA46CDEB3CE}"
EndProject
Project("{8BC9CEB8-8B4A-11D0-8D11-00A0C91BC942}") = "debugger_script_source", "debugger_script_source.vcproj", "{A9CA7560-7585-4CE3-1EC5-A0698EE97FF7}"
EndProject
Project("{8BC9CEB8-8B4A-11D0-8D11-00A0C91BC942}") = "dynamic_annotations", "..\..\..\..\..\base\third_party\dynamic_annotations\dynamic_annotations.vcproj", "{6D2E9365-C662-5EC3-2A65-AD7D1FF9FF69}"
EndProject
Project("{8BC9CEB8-8B4A-11D0-8D11-00A0C91BC942}") = "ffmpeg", "..\..\..\..\ffmpeg\ffmpeg.vcproj", "{D7A94F58-576A-45D9-A45F-EB87C63ABBB0}"
	ProjectSection(ProjectDependencies) = postProject
		{D28CF9C7-B857-C11E-B94D-ECA46CDEB3CE} = {D28CF9C7-B857-C11E-B94D-ECA46CDEB3CE}
	EndProjectSection
EndProject
Project("{8BC9CEB8-8B4A-11D0-8D11-00A0C91BC942}") = "gfx_resources", "..\..\..\..\..\ui\gfx_resources.vcproj", "{A5FDAF15-ED6C-19C2-65F8-F33A8E6B77EE}"
	ProjectSection(ProjectDependencies) = postProject
		{D28CF9C7-B857-C11E-B94D-ECA46CDEB3CE} = {D28CF9C7-B857-C11E-B94D-ECA46CDEB3CE}
	EndProjectSection
EndProject
Project("{8BC9CEB8-8B4A-11D0-8D11-00A0C91BC942}") = "gl", "..\..\..\..\..\ui\gfx\gl\gl.vcproj", "{ACFCF6F5-0D91-D7C0-2B6C-121046967DCA}"
EndProject
Project("{8BC9CEB8-8B4A-11D0-8D11-00A0C91BC942}") = "gles2_c_lib", "..\..\..\..\..\gpu\gles2_c_lib.vcproj", "{3FDEE94A-9D58-DECE-74BA-5565754EFEFF}"
EndProject
Project("{8BC9CEB8-8B4A-11D0-8D11-00A0C91BC942}") = "gles2_cmd_helper", "..\..\..\..\..\gpu\gles2_cmd_helper.vcproj", "{0B3473E8-0E51-FD23-D332-32215C62FCC8}"
EndProject
Project("{8BC9CEB8-8B4A-11D0-8D11-00A0C91BC942}") = "gles2_implementation", "..\..\..\..\..\gpu\gles2_implementation.vcproj", "{F6795CB7-29A6-7345-A30E-0F620B45EA88}"
	ProjectSection(ProjectDependencies) = postProject
		{ACFCF6F5-0D91-D7C0-2B6C-121046967DCA} = {ACFCF6F5-0D91-D7C0-2B6C-121046967DCA}
	EndProjectSection
EndProject
Project("{8BC9CEB8-8B4A-11D0-8D11-00A0C91BC942}") = "googleurl", "..\..\..\..\..\build\temp_gyp\googleurl.vcproj", "{4D2BC45D-F97B-003C-C1C2-AD51D5DDEB28}"
	ProjectSection(ProjectDependencies) = postProject
		{E47B2B19-B1DB-2FE2-B4B2-855C3C2C034A} = {E47B2B19-B1DB-2FE2-B4B2-855C3C2C034A}
	EndProjectSection
EndProject
Project("{8BC9CEB8-8B4A-11D0-8D11-00A0C91BC942}") = "iccjpeg", "..\..\..\..\iccjpeg\iccjpeg.vcproj", "{2BCC266C-D9F4-8115-2A34-2580FDAA3AB5}"
EndProject
Project("{8BC9CEB8-8B4A-11D0-8D11-00A0C91BC942}") = "icudata", "..\..\..\..\icu\icudata.vcproj", "{E47B2B19-B1DB-2FE2-B4B2-855C3C2C034A}"
EndProject
Project("{8BC9CEB8-8B4A-11D0-8D11-00A0C91BC942}") = "icui18n", "..\..\..\..\icu\icui18n.vcproj", "{68211F8F-DDD9-A40A-3660-695EA962F934}"
EndProject
Project("{8BC9CEB8-8B4A-11D0-8D11-00A0C91BC942}") = "icuuc", "..\..\..\..\icu\icuuc.vcproj", "{1025800C-CD3F-9517-9336-3CA36B16CD86}"
	ProjectSection(ProjectDependencies) = postProject
		{E47B2B19-B1DB-2FE2-B4B2-855C3C2C034A} = {E47B2B19-B1DB-2FE2-B4B2-855C3C2C034A}
	EndProjectSection
EndProject
Project("{8BC9CEB8-8B4A-11D0-8D11-00A0C91BC942}") = "injected_script_source", "injected_script_source.vcproj", "{18D6ABEE-A021-D069-7BE7-956D1AA88F43}"
EndProject
Project("{8BC9CEB8-8B4A-11D0-8D11-00A0C91BC942}") = "inspector_idl", "inspector_idl.vcproj", "{1304C508-03B8-6E8F-6AA3-48732857CE35}"
EndProject
Project("{8BC9CEB8-8B4A-11D0-8D11-00A0C91BC942}") = "inspector_protocol_sources", "inspector_protocol_sources.vcproj", "{7D1B9890-E925-8ADF-BECD-C167AFD1AFFB}"
	ProjectSection(ProjectDependencies) = postProject
		{1304C508-03B8-6E8F-6AA3-48732857CE35} = {1304C508-03B8-6E8F-6AA3-48732857CE35}
	EndProjectSection
EndProject
Project("{8BC9CEB8-8B4A-11D0-8D11-00A0C91BC942}") = "js2c", "..\..\..\..\..\v8\tools\gyp\js2c.vcproj", "{82BC22B5-1D58-28BA-8735-58B591E1D154}"
EndProject
Project("{8BC9CEB8-8B4A-11D0-8D11-00A0C91BC942}") = "leveldatabase", "..\..\..\..\leveldatabase\leveldatabase.vcproj", "{47147286-98E1-2D92-741D-25EC4080A51F}"
EndProject
Project("{8BC9CEB8-8B4A-11D0-8D11-00A0C91BC942}") = "libjpeg", "..\..\..\..\libjpeg_turbo\libjpeg.vcproj", "{20C02F87-079A-3486-0F14-8CE834F46C96}"
EndProject
Project("{8BC9CEB8-8B4A-11D0-8D11-00A0C91BC942}") = "libpng", "..\..\..\..\libpng\libpng.vcproj", "{A506295C-CA51-F1BA-CF7F-A125A1248FFF}"
EndProject
Project("{8BC9CEB8-8B4A-11D0-8D11-00A0C91BC942}") = "libtess", "..\..\ThirdParty\glu\libtess.vcproj", "{31E6CEFC-D6D7-CAF8-351A-C2997AA347D5}"
EndProject
Project("{8BC9CEB8-8B4A-11D0-8D11-00A0C91BC942}") = "libwebp", "..\..\..\..\libwebp\libwebp.vcproj", "{6A317C26-963B-BE98-DC9C-95AA35D2D741}"
	ProjectSection(ProjectDependencies) = postProject
		{D6005D12-070D-FC31-0391-ABBAF85B1C5D} = {D6005D12-070D-FC31-0391-ABBAF85B1C5D}
		{04AEFA47-82A8-CAF8-5162-F92B65354C95} = {04AEFA47-82A8-CAF8-5162-F92B65354C95}
	EndProjectSection
EndProject
Project("{8BC9CEB8-8B4A-11D0-8D11-00A0C91BC942}") = "libwebp_dec", "..\..\..\..\libwebp\libwebp_dec.vcproj", "{04AEFA47-82A8-CAF8-5162-F92B65354C95}"
EndProject
Project("{8BC9CEB8-8B4A-11D0-8D11-00A0C91BC942}") = "libwebp_enc", "..\..\..\..\libwebp\libwebp_enc.vcproj", "{D6005D12-070D-FC31-0391-ABBAF85B1C5D}"
EndProject
Project("{8BC9CEB8-8B4A-11D0-8D11-00A0C91BC942}") = "libxml", "..\..\..\..\libxml\libxml.vcproj", "{84231450-33B9-98C1-75F6-BCB94303CAAF}"
EndProject
Project("{8BC9CEB8-8B4A-11D0-8D11-00A0C91BC942}") = "libxslt", "..\..\..\..\libxslt\libxslt.vcproj", "{0B47BB36-97B0-4A14-3068-F54D02572CF7}"
EndProject
Project("{8BC9CEB8-8B4A-11D0-8D11-00A0C91BC942}") = "mksnapshot", "..\..\..\..\..\v8\tools\gyp\mksnapshot.vcproj", "{B27372DD-81D1-D54C-2730-8A99904230AA}"
	ProjectSection(ProjectDependencies) = postProject
		{879286C0-3234-D14B-BB2C-32D4D1B809CE} = {879286C0-3234-D14B-BB2C-32D4D1B809CE}
		{688695F9-2D8C-62FD-E442-82C313303E2C} = {688695F9-2D8C-62FD-E442-82C313303E2C}
		{82BC22B5-1D58-28BA-8735-58B591E1D154} = {82BC22B5-1D58-28BA-8735-58B591E1D154}
	EndProjectSection
EndProject
Project("{8BC9CEB8-8B4A-11D0-8D11-00A0C91BC942}") = "modp_b64", "..\..\..\..\modp_b64\modp_b64.vcproj", "{43807E9E-3D83-E8E4-8CD1-13E98FFC6045}"
EndProject
Project("{8BC9CEB8-8B4A-11D0-8D11-00A0C91BC942}") = "net", "..\..\..\..\..\net\net.vcproj", "{77B38372-DECC-9BFD-BDE7-AA07464BA34C}"
	ProjectSection(ProjectDependencies) = postProject
		{0DDC1AA2-9418-2337-6268-A7FC5212154C} = {0DDC1AA2-9418-2337-6268-A7FC5212154C}
		{77DD7F90-1E1B-2B83-6CD6-1D7D3AC100D5} = {77DD7F90-1E1B-2B83-6CD6-1D7D3AC100D5}
		{79B237A2-B5B0-6423-A679-FCA44378ACF1} = {79B237A2-B5B0-6423-A679-FCA44378ACF1}
		{66FE90D0-8F39-7569-6EC3-65591C74DD39} = {66FE90D0-8F39-7569-6EC3-65591C74DD39}
	EndProjectSection
EndProject
Project("{8BC9CEB8-8B4A-11D0-8D11-00A0C91BC942}") = "net_resources", "..\..\..\..\..\net\net_resources.vcproj", "{77DD7F90-1E1B-2B83-6CD6-1D7D3AC100D5}"
	ProjectSection(ProjectDependencies) = postProject
		{D28CF9C7-B857-C11E-B94D-ECA46CDEB3CE} = {D28CF9C7-B857-C11E-B94D-ECA46CDEB3CE}
	EndProjectSection
EndProject
Project("{8BC9CEB8-8B4A-11D0-8D11-00A0C91BC942}") = "npapi", "..\..\..\..\npapi\npapi.vcproj", "{59A5EF20-1CA5-F296-FB4D-2CA57B03C38E}"
EndProject
Project("{8BC9CEB8-8B4A-11D0-8D11-00A0C91BC942}") = "nspr", "..\..\..\..\nss\nspr.vcproj", "{DA6CD78F-6A80-A996-547D-2404C4E2371B}"
EndProject
Project("{8BC9CEB8-8B4A-11D0-8D11-00A0C91BC942}") = "nss", "..\..\..\..\nss\nss.vcproj", "{734E8BCE-B176-FFC7-D86A-3A843A26342E}"
EndProject
Project("{8BC9CEB8-8B4A-11D0-8D11-00A0C91BC942}") = "ots", "..\..\..\..\ots\ots.vcproj", "{F71B5273-A0BE-C75C-0583-3867DA563F33}"
EndProject
Project("{8BC9CEB8-8B4A-11D0-8D11-00A0C91BC942}") = "sdch", "..\..\..\..\..\sdch\sdch.vcproj", "{1B3D36AF-86C0-5997-A298-6865DF64196D}"
EndProject
Project("{8BC9CEB8-8B4A-11D0-8D11-00A0C91BC942}") = "sfntly", "..\..\..\..\sfntly\sfntly.vcproj", "{A50EF674-2788-FD77-664F-9C15C73B56AC}"
EndProject
Project("{8BC9CEB8-8B4A-11D0-8D11-00A0C91BC942}") = "skia", "..\..\..\..\..\skia\skia.vcproj", "{3D9E1C1F-A68D-9C2F-026D-9E83E2DF28A2}"
EndProject
Project("{8BC9CEB8-8B4A-11D0-8D11-00A0C91BC942}") = "skia_libtess", "..\..\..\..\..\skia\skia_libtess.vcproj", "{E38542A8-4343-7E67-669D-5B107DF1937A}"
EndProject
Project("{8BC9CEB8-8B4A-11D0-8D11-00A0C91BC942}") = "skia_opts", "..\..\..\..\..\skia\skia_opts.vcproj", "{71309F2F-CA6B-BD48-4995-6A84EB984622}"
EndProject
Project("{8BC9CEB8-8B4A-11D0-8D11-00A0C91BC942}") = "sqlite", "..\..\..\..\sqlite\sqlite.vcproj", "{7DE7ED4E-7FE0-35A0-BE1C-8AD232EC77B6}"
EndProject
Project("{8BC9CEB8-8B4A-11D0-8D11-00A0C91BC942}") = "ssl", "..\..\..\..\..\net\third_party\nss\ssl.vcproj", "{D060C15E-75C3-B88B-3262-513EFD5FE59C}"
EndProject
Project("{8BC9CEB8-8B4A-11D0-8D11-00A0C91BC942}") = "ssl_false_start_blacklist_process", "..\..\..\..\..\net\ssl_false_start_blacklist_process.vcproj", "{79B237A2-B5B0-6423-A679-FCA44378ACF1}"
	ProjectSection(ProjectDependencies) = postProject
		{0BFC078D-10E5-1E26-46A4-DD6A65D3A870} = {0BFC078D-10E5-1E26-46A4-DD6A65D3A870}
		{6D2E9365-C662-5EC3-2A65-AD7D1FF9FF69} = {6D2E9365-C662-5EC3-2A65-AD7D1FF9FF69}
		{1B1B260C-1F5C-D07A-7D05-9D70F24BA0A8} = {1B1B260C-1F5C-D07A-7D05-9D70F24BA0A8}
		{43807E9E-3D83-E8E4-8CD1-13E98FFC6045} = {43807E9E-3D83-E8E4-8CD1-13E98FFC6045}
	EndProjectSection
EndProject
Project("{8BC9CEB8-8B4A-11D0-8D11-00A0C91BC942}") = "tld_cleanup", "..\..\..\..\..\net\tld_cleanup.vcproj", "{66FE90D0-8F39-7569-6EC3-65591C74DD39}"
	ProjectSection(ProjectDependencies) = postProject
		{0BFC078D-10E5-1E26-46A4-DD6A65D3A870} = {0BFC078D-10E5-1E26-46A4-DD6A65D3A870}
		{9E201604-82A4-D058-C20E-40EFA0C8DD4C} = {9E201604-82A4-D058-C20E-40EFA0C8DD4C}
		{4D2BC45D-F97B-003C-C1C2-AD51D5DDEB28} = {4D2BC45D-F97B-003C-C1C2-AD51D5DDEB28}
		{1B1B260C-1F5C-D07A-7D05-9D70F24BA0A8} = {1B1B260C-1F5C-D07A-7D05-9D70F24BA0A8}
		{43807E9E-3D83-E8E4-8CD1-13E98FFC6045} = {43807E9E-3D83-E8E4-8CD1-13E98FFC6045}
		{6D2E9365-C662-5EC3-2A65-AD7D1FF9FF69} = {6D2E9365-C662-5EC3-2A65-AD7D1FF9FF69}
		{68211F8F-DDD9-A40A-3660-695EA962F934} = {68211F8F-DDD9-A40A-3660-695EA962F934}
		{1025800C-CD3F-9517-9336-3CA36B16CD86} = {1025800C-CD3F-9517-9336-3CA36B16CD86}
		{E47B2B19-B1DB-2FE2-B4B2-855C3C2C034A} = {E47B2B19-B1DB-2FE2-B4B2-855C3C2C034A}
	EndProjectSection
EndProject
Project("{8BC9CEB8-8B4A-11D0-8D11-00A0C91BC942}") = "translator_common", "..\..\..\..\angle\src\translator_common.vcproj", "{4C954A87-EBAA-D440-0B5E-4343FE591CEA}"
EndProject
Project("{8BC9CEB8-8B4A-11D0-8D11-00A0C91BC942}") = "ui", "..\..\..\..\..\ui\ui.vcproj", "{07AC0174-9F23-1498-B060-0C25D66B1814}"
	ProjectSection(ProjectDependencies) = postProject
		{688C1FFA-9285-0352-F43B-E5D7666D75DE} = {688C1FFA-9285-0352-F43B-E5D7666D75DE}
		{A5FDAF15-ED6C-19C2-65F8-F33A8E6B77EE} = {A5FDAF15-ED6C-19C2-65F8-F33A8E6B77EE}
	EndProjectSection
EndProject
Project("{8BC9CEB8-8B4A-11D0-8D11-00A0C91BC942}") = "ui_strings", "..\..\..\..\..\ui\base\strings\ui_strings.vcproj", "{688C1FFA-9285-0352-F43B-E5D7666D75DE}"
	ProjectSection(ProjectDependencies) = postProject
		{D28CF9C7-B857-C11E-B94D-ECA46CDEB3CE} = {D28CF9C7-B857-C11E-B94D-ECA46CDEB3CE}
	EndProjectSection
EndProject
Project("{8BC9CEB8-8B4A-11D0-8D11-00A0C91BC942}") = "v8", "..\..\..\..\..\v8\tools\gyp\v8.vcproj", "{0DDC1AA2-9418-2337-6268-A7FC5212154C}"
	ProjectSection(ProjectDependencies) = postProject
		{6B52D8DC-D637-A223-A5D6-5D398661A1A1} = {6B52D8DC-D637-A223-A5D6-5D398661A1A1}
	EndProjectSection
EndProject
Project("{8BC9CEB8-8B4A-11D0-8D11-00A0C91BC942}") = "v8-i18n", "..\..\..\..\v8-i18n\build\v8-i18n.vcproj", "{508CFAE9-AC6C-0A1B-F839-F5B4DE89F3D7}"
	ProjectSection(ProjectDependencies) = postProject
		{0DDC1AA2-9418-2337-6268-A7FC5212154C} = {0DDC1AA2-9418-2337-6268-A7FC5212154C}
		{E47B2B19-B1DB-2FE2-B4B2-855C3C2C034A} = {E47B2B19-B1DB-2FE2-B4B2-855C3C2C034A}
		{E5F91912-1D2E-722A-4454-BB66B34A2A8E} = {E5F91912-1D2E-722A-4454-BB66B34A2A8E}
	EndProjectSection
EndProject
Project("{8BC9CEB8-8B4A-11D0-8D11-00A0C91BC942}") = "v8_base", "..\..\..\..\..\v8\tools\gyp\v8_base.vcproj", "{688695F9-2D8C-62FD-E442-82C313303E2C}"
EndProject
Project("{8BC9CEB8-8B4A-11D0-8D11-00A0C91BC942}") = "v8_nosnapshot", "..\..\..\..\..\v8\tools\gyp\v8_nosnapshot.vcproj", "{879286C0-3234-D14B-BB2C-32D4D1B809CE}"
	ProjectSection(ProjectDependencies) = postProject
		{82BC22B5-1D58-28BA-8735-58B591E1D154} = {82BC22B5-1D58-28BA-8735-58B591E1D154}
	EndProjectSection
EndProject
Project("{8BC9CEB8-8B4A-11D0-8D11-00A0C91BC942}") = "v8_snapshot", "..\..\..\..\..\v8\tools\gyp\v8_snapshot.vcproj", "{6B52D8DC-D637-A223-A5D6-5D398661A1A1}"
	ProjectSection(ProjectDependencies) = postProject
		{B27372DD-81D1-D54C-2730-8A99904230AA} = {B27372DD-81D1-D54C-2730-8A99904230AA}
		{82BC22B5-1D58-28BA-8735-58B591E1D154} = {82BC22B5-1D58-28BA-8735-58B591E1D154}
	EndProjectSection
EndProject
Project("{8BC9CEB8-8B4A-11D0-8D11-00A0C91BC942}") = "webcore", "webcore.vcproj", "{6FC35205-47FC-97B4-7D6E-8FC6BB99AB82}"
	ProjectSection(ProjectDependencies) = postProject
		{5E53223B-E311-B960-BE8D-A5FCADE5B04F} = {5E53223B-E311-B960-BE8D-A5FCADE5B04F}
		{E5731D74-4576-67F1-9694-CD7F4BA06C45} = {E5731D74-4576-67F1-9694-CD7F4BA06C45}
		{7F95C0EB-DDE5-7679-1904-6EA90A99C957} = {7F95C0EB-DDE5-7679-1904-6EA90A99C957}
		{76C9BDD8-004F-4705-8DCA-780630547F7D} = {76C9BDD8-004F-4705-8DCA-780630547F7D}
		{9745F06C-B612-3829-03D7-37571F76C6A1} = {9745F06C-B612-3829-03D7-37571F76C6A1}
		{F28D7AB0-9F8C-8763-6413-BC11EF417451} = {F28D7AB0-9F8C-8763-6413-BC11EF417451}
		{199B9BA3-11E4-EA84-3DB3-276F9F82D705} = {199B9BA3-11E4-EA84-3DB3-276F9F82D705}
		{AA8A5A85-592B-4357-BC60-E0E91E026AF6} = {AA8A5A85-592B-4357-BC60-E0E91E026AF6}
		{4D2BC45D-F97B-003C-C1C2-AD51D5DDEB28} = {4D2BC45D-F97B-003C-C1C2-AD51D5DDEB28}
		{3D9E1C1F-A68D-9C2F-026D-9E83E2DF28A2} = {3D9E1C1F-A68D-9C2F-026D-9E83E2DF28A2}
		{59A5EF20-1CA5-F296-FB4D-2CA57B03C38E} = {59A5EF20-1CA5-F296-FB4D-2CA57B03C38E}
		{0DDC1AA2-9418-2337-6268-A7FC5212154C} = {0DDC1AA2-9418-2337-6268-A7FC5212154C}
		{7B1BC2A1-6696-9498-4997-6E6EDF76CC7C} = {7B1BC2A1-6696-9498-4997-6E6EDF76CC7C}
	EndProjectSection
EndProject
Project("{8BC9CEB8-8B4A-11D0-8D11-00A0C91BC942}") = "webcore_arm_neon", "webcore_arm_neon.vcproj", "{5E53223B-E311-B960-BE8D-A5FCADE5B04F}"
	ProjectSection(ProjectDependencies) = postProject
		{A9C8D0E0-D648-8E32-07CC-E505321C9CA6} = {A9C8D0E0-D648-8E32-07CC-E505321C9CA6}
	EndProjectSection
EndProject
Project("{8BC9CEB8-8B4A-11D0-8D11-00A0C91BC942}") = "webcore_bindings", "webcore_bindings.vcproj", "{199B9BA3-11E4-EA84-3DB3-276F9F82D705}"
	ProjectSection(ProjectDependencies) = postProject
		{3AA4EBE3-F36D-DD76-59CD-A8BF22AAC488} = {3AA4EBE3-F36D-DD76-59CD-A8BF22AAC488}
		{7D1B9890-E925-8ADF-BECD-C167AFD1AFFB} = {7D1B9890-E925-8ADF-BECD-C167AFD1AFFB}
		{18D6ABEE-A021-D069-7BE7-956D1AA88F43} = {18D6ABEE-A021-D069-7BE7-956D1AA88F43}
		{A9CA7560-7585-4CE3-1EC5-A0698EE97FF7} = {A9CA7560-7585-4CE3-1EC5-A0698EE97FF7}
		{6A317C26-963B-BE98-DC9C-95AA35D2D741} = {6A317C26-963B-BE98-DC9C-95AA35D2D741}
		{59A5EF20-1CA5-F296-FB4D-2CA57B03C38E} = {59A5EF20-1CA5-F296-FB4D-2CA57B03C38E}
		{0DDC1AA2-9418-2337-6268-A7FC5212154C} = {0DDC1AA2-9418-2337-6268-A7FC5212154C}
		{D28CF9C7-B857-C11E-B94D-ECA46CDEB3CE} = {D28CF9C7-B857-C11E-B94D-ECA46CDEB3CE}
	EndProjectSection
EndProject
Project("{8BC9CEB8-8B4A-11D0-8D11-00A0C91BC942}") = "webcore_bindings_sources", "webcore_bindings_sources.vcproj", "{3AA4EBE3-F36D-DD76-59CD-A8BF22AAC488}"
EndProject
Project("{8BC9CEB8-8B4A-11D0-8D11-00A0C91BC942}") = "webcore_dom", "webcore_dom.vcproj", "{E5731D74-4576-67F1-9694-CD7F4BA06C45}"
	ProjectSection(ProjectDependencies) = postProject
		{A9C8D0E0-D648-8E32-07CC-E505321C9CA6} = {A9C8D0E0-D648-8E32-07CC-E505321C9CA6}
	EndProjectSection
EndProject
Project("{8BC9CEB8-8B4A-11D0-8D11-00A0C91BC942}") = "webcore_html", "webcore_html.vcproj", "{7F95C0EB-DDE5-7679-1904-6EA90A99C957}"
	ProjectSection(ProjectDependencies) = postProject
		{A9C8D0E0-D648-8E32-07CC-E505321C9CA6} = {A9C8D0E0-D648-8E32-07CC-E505321C9CA6}
	EndProjectSection
EndProject
Project("{8BC9CEB8-8B4A-11D0-8D11-00A0C91BC942}") = "webcore_platform", "webcore_platform.vcproj", "{76C9BDD8-004F-4705-8DCA-780630547F7D}"
	ProjectSection(ProjectDependencies) = postProject
		{A9C8D0E0-D648-8E32-07CC-E505321C9CA6} = {A9C8D0E0-D648-8E32-07CC-E505321C9CA6}
	EndProjectSection
EndProject
Project("{8BC9CEB8-8B4A-11D0-8D11-00A0C91BC942}") = "webcore_prerequisites", "webcore_prerequisites.vcproj", "{A9C8D0E0-D648-8E32-07CC-E505321C9CA6}"
	ProjectSection(ProjectDependencies) = postProject
		{A9CA7560-7585-4CE3-1EC5-A0698EE97FF7} = {A9CA7560-7585-4CE3-1EC5-A0698EE97FF7}
		{18D6ABEE-A021-D069-7BE7-956D1AA88F43} = {18D6ABEE-A021-D069-7BE7-956D1AA88F43}
		{7D1B9890-E925-8ADF-BECD-C167AFD1AFFB} = {7D1B9890-E925-8ADF-BECD-C167AFD1AFFB}
		{3AA4EBE3-F36D-DD76-59CD-A8BF22AAC488} = {3AA4EBE3-F36D-DD76-59CD-A8BF22AAC488}
		{31E6CEFC-D6D7-CAF8-351A-C2997AA347D5} = {31E6CEFC-D6D7-CAF8-351A-C2997AA347D5}
		{49909552-0B0C-4C14-8CF6-DB8A2ADE0934} = {49909552-0B0C-4C14-8CF6-DB8A2ADE0934}
		{AA8A5A85-592B-4357-BC60-E0E91E026AF6} = {AA8A5A85-592B-4357-BC60-E0E91E026AF6}
		{4D2BC45D-F97B-003C-C1C2-AD51D5DDEB28} = {4D2BC45D-F97B-003C-C1C2-AD51D5DDEB28}
		{3D9E1C1F-A68D-9C2F-026D-9E83E2DF28A2} = {3D9E1C1F-A68D-9C2F-026D-9E83E2DF28A2}
		{2BCC266C-D9F4-8115-2A34-2580FDAA3AB5} = {2BCC266C-D9F4-8115-2A34-2580FDAA3AB5}
		{6A317C26-963B-BE98-DC9C-95AA35D2D741} = {6A317C26-963B-BE98-DC9C-95AA35D2D741}
		{A506295C-CA51-F1BA-CF7F-A125A1248FFF} = {A506295C-CA51-F1BA-CF7F-A125A1248FFF}
		{84231450-33B9-98C1-75F6-BCB94303CAAF} = {84231450-33B9-98C1-75F6-BCB94303CAAF}
		{0B47BB36-97B0-4A14-3068-F54D02572CF7} = {0B47BB36-97B0-4A14-3068-F54D02572CF7}
		{59A5EF20-1CA5-F296-FB4D-2CA57B03C38E} = {59A5EF20-1CA5-F296-FB4D-2CA57B03C38E}
		{F71B5273-A0BE-C75C-0583-3867DA563F33} = {F71B5273-A0BE-C75C-0583-3867DA563F33}
		{7DE7ED4E-7FE0-35A0-BE1C-8AD232EC77B6} = {7DE7ED4E-7FE0-35A0-BE1C-8AD232EC77B6}
		{4C954A87-EBAA-D440-0B5E-4343FE591CEA} = {4C954A87-EBAA-D440-0B5E-4343FE591CEA}
		{0DDC1AA2-9418-2337-6268-A7FC5212154C} = {0DDC1AA2-9418-2337-6268-A7FC5212154C}
		{20C02F87-079A-3486-0F14-8CE834F46C96} = {20C02F87-079A-3486-0F14-8CE834F46C96}
		{3FDEE94A-9D58-DECE-74BA-5565754EFEFF} = {3FDEE94A-9D58-DECE-74BA-5565754EFEFF}
		{D28CF9C7-B857-C11E-B94D-ECA46CDEB3CE} = {D28CF9C7-B857-C11E-B94D-ECA46CDEB3CE}
		{D7A94F58-576A-45D9-A45F-EB87C63ABBB0} = {D7A94F58-576A-45D9-A45F-EB87C63ABBB0}
		{47147286-98E1-2D92-741D-25EC4080A51F} = {47147286-98E1-2D92-741D-25EC4080A51F}
	EndProjectSection
EndProject
Project("{8BC9CEB8-8B4A-11D0-8D11-00A0C91BC942}") = "webcore_remaining", "webcore_remaining.vcproj", "{9745F06C-B612-3829-03D7-37571F76C6A1}"
	ProjectSection(ProjectDependencies) = postProject
		{A9C8D0E0-D648-8E32-07CC-E505321C9CA6} = {A9C8D0E0-D648-8E32-07CC-E505321C9CA6}
	EndProjectSection
EndProject
Project("{8BC9CEB8-8B4A-11D0-8D11-00A0C91BC942}") = "webcore_rendering", "webcore_rendering.vcproj", "{F28D7AB0-9F8C-8763-6413-BC11EF417451}"
	ProjectSection(ProjectDependencies) = postProject
		{A9C8D0E0-D648-8E32-07CC-E505321C9CA6} = {A9C8D0E0-D648-8E32-07CC-E505321C9CA6}
	EndProjectSection
EndProject
Project("{8BC9CEB8-8B4A-11D0-8D11-00A0C91BC942}") = "webcore_svg", "webcore_svg.vcproj", "{7B1BC2A1-6696-9498-4997-6E6EDF76CC7C}"
	ProjectSection(ProjectDependencies) = postProject
		{A9C8D0E0-D648-8E32-07CC-E505321C9CA6} = {A9C8D0E0-D648-8E32-07CC-E505321C9CA6}
	EndProjectSection
EndProject
Project("{8BC9CEB8-8B4A-11D0-8D11-00A0C91BC942}") = "webcore_test_support", "webcore_test_support.vcproj", "{56A8D7B7-66A4-D224-F77D-59D7FF3D2BD1}"
	ProjectSection(ProjectDependencies) = postProject
		{6FC35205-47FC-97B4-7D6E-8FC6BB99AB82} = {6FC35205-47FC-97B4-7D6E-8FC6BB99AB82}
		{199B9BA3-11E4-EA84-3DB3-276F9F82D705} = {199B9BA3-11E4-EA84-3DB3-276F9F82D705}
	EndProjectSection
EndProject
Project("{8BC9CEB8-8B4A-11D0-8D11-00A0C91BC942}") = "wtf", "..\..\JavaScriptCore\JavaScriptCore.gyp\wtf.vcproj", "{AA8A5A85-592B-4357-BC60-E0E91E026AF6}"
	ProjectSection(ProjectDependencies) = postProject
		{2E2D3301-2EC4-4C0F-B889-87073B30F673} = {2E2D3301-2EC4-4C0F-B889-87073B30F673}
	EndProjectSection
EndProject
Project("{8BC9CEB8-8B4A-11D0-8D11-00A0C91BC942}") = "wtf_config", "..\..\JavaScriptCore\JavaScriptCore.gyp\wtf_config.vcproj", "{2E2D3301-2EC4-4C0F-B889-87073B30F673}"
EndProject
Project("{8BC9CEB8-8B4A-11D0-8D11-00A0C91BC942}") = "yarr", "..\..\JavaScriptCore\JavaScriptCore.gyp\yarr.vcproj", "{49909552-0B0C-4C14-8CF6-DB8A2ADE0934}"
	ProjectSection(ProjectDependencies) = postProject
		{D28CF9C7-B857-C11E-B94D-ECA46CDEB3CE} = {D28CF9C7-B857-C11E-B94D-ECA46CDEB3CE}
	EndProjectSection
EndProject
Project("{8BC9CEB8-8B4A-11D0-8D11-00A0C91BC942}") = "zlib", "..\..\..\..\zlib\zlib.vcproj", "{E798F469-96F1-BC24-1ABE-D8C3C25A40B5}"
EndProject
Global
	GlobalSection(SolutionConfigurationPlatforms) = preSolution
		Release|x64 = Release|x64
		Debug|Win32 = Debug|Win32
		Debug|x64 = Debug|x64
		Release|Win32 = Release|Win32
	EndGlobalSection
	GlobalSection(ProjectConfigurationPlatforms) = postSolution
		{04AEFA47-82A8-CAF8-5162-F92B65354C95}.Release|x64.ActiveCfg = Release|x64
		{04AEFA47-82A8-CAF8-5162-F92B65354C95}.Release|x64.Build.0 = Release|x64
		{04AEFA47-82A8-CAF8-5162-F92B65354C95}.Debug|Win32.ActiveCfg = Debug|Win32
		{04AEFA47-82A8-CAF8-5162-F92B65354C95}.Debug|Win32.Build.0 = Debug|Win32
		{04AEFA47-82A8-CAF8-5162-F92B65354C95}.Debug|x64.ActiveCfg = Debug|x64
		{04AEFA47-82A8-CAF8-5162-F92B65354C95}.Debug|x64.Build.0 = Debug|x64
		{04AEFA47-82A8-CAF8-5162-F92B65354C95}.Release|Win32.ActiveCfg = Release|Win32
		{04AEFA47-82A8-CAF8-5162-F92B65354C95}.Release|Win32.Build.0 = Release|Win32
		{07AC0174-9F23-1498-B060-0C25D66B1814}.Release|x64.ActiveCfg = Release|x64
		{07AC0174-9F23-1498-B060-0C25D66B1814}.Release|x64.Build.0 = Release|x64
		{07AC0174-9F23-1498-B060-0C25D66B1814}.Debug|Win32.ActiveCfg = Debug|Win32
		{07AC0174-9F23-1498-B060-0C25D66B1814}.Debug|Win32.Build.0 = Debug|Win32
		{07AC0174-9F23-1498-B060-0C25D66B1814}.Debug|x64.ActiveCfg = Debug|x64
		{07AC0174-9F23-1498-B060-0C25D66B1814}.Debug|x64.Build.0 = Debug|x64
		{07AC0174-9F23-1498-B060-0C25D66B1814}.Release|Win32.ActiveCfg = Release|Win32
		{07AC0174-9F23-1498-B060-0C25D66B1814}.Release|Win32.Build.0 = Release|Win32
		{0B3473E8-0E51-FD23-D332-32215C62FCC8}.Release|x64.ActiveCfg = Release|x64
		{0B3473E8-0E51-FD23-D332-32215C62FCC8}.Release|x64.Build.0 = Release|x64
		{0B3473E8-0E51-FD23-D332-32215C62FCC8}.Debug|Win32.ActiveCfg = Debug|Win32
		{0B3473E8-0E51-FD23-D332-32215C62FCC8}.Debug|Win32.Build.0 = Debug|Win32
		{0B3473E8-0E51-FD23-D332-32215C62FCC8}.Debug|x64.ActiveCfg = Debug|x64
		{0B3473E8-0E51-FD23-D332-32215C62FCC8}.Debug|x64.Build.0 = Debug|x64
		{0B3473E8-0E51-FD23-D332-32215C62FCC8}.Release|Win32.ActiveCfg = Release|Win32
		{0B3473E8-0E51-FD23-D332-32215C62FCC8}.Release|Win32.Build.0 = Release|Win32
		{0B47BB36-97B0-4A14-3068-F54D02572CF7}.Release|x64.ActiveCfg = Release|x64
		{0B47BB36-97B0-4A14-3068-F54D02572CF7}.Release|x64.Build.0 = Release|x64
		{0B47BB36-97B0-4A14-3068-F54D02572CF7}.Debug|Win32.ActiveCfg = Debug|Win32
		{0B47BB36-97B0-4A14-3068-F54D02572CF7}.Debug|Win32.Build.0 = Debug|Win32
		{0B47BB36-97B0-4A14-3068-F54D02572CF7}.Debug|x64.ActiveCfg = Debug|x64
		{0B47BB36-97B0-4A14-3068-F54D02572CF7}.Debug|x64.Build.0 = Debug|x64
		{0B47BB36-97B0-4A14-3068-F54D02572CF7}.Release|Win32.ActiveCfg = Release|Win32
		{0B47BB36-97B0-4A14-3068-F54D02572CF7}.Release|Win32.Build.0 = Release|Win32
		{0BFC078D-10E5-1E26-46A4-DD6A65D3A870}.Release|x64.ActiveCfg = Release|x64
		{0BFC078D-10E5-1E26-46A4-DD6A65D3A870}.Release|x64.Build.0 = Release|x64
		{0BFC078D-10E5-1E26-46A4-DD6A65D3A870}.Debug|Win32.ActiveCfg = Debug|Win32
		{0BFC078D-10E5-1E26-46A4-DD6A65D3A870}.Debug|Win32.Build.0 = Debug|Win32
		{0BFC078D-10E5-1E26-46A4-DD6A65D3A870}.Debug|x64.ActiveCfg = Debug|x64
		{0BFC078D-10E5-1E26-46A4-DD6A65D3A870}.Debug|x64.Build.0 = Debug|x64
		{0BFC078D-10E5-1E26-46A4-DD6A65D3A870}.Release|Win32.ActiveCfg = Release|Win32
		{0BFC078D-10E5-1E26-46A4-DD6A65D3A870}.Release|Win32.Build.0 = Release|Win32
		{0DDC1AA2-9418-2337-6268-A7FC5212154C}.Release|x64.ActiveCfg = Release|x64
		{0DDC1AA2-9418-2337-6268-A7FC5212154C}.Release|x64.Build.0 = Release|x64
		{0DDC1AA2-9418-2337-6268-A7FC5212154C}.Debug|Win32.ActiveCfg = Debug|Win32
		{0DDC1AA2-9418-2337-6268-A7FC5212154C}.Debug|Win32.Build.0 = Debug|Win32
		{0DDC1AA2-9418-2337-6268-A7FC5212154C}.Debug|x64.ActiveCfg = Debug|x64
		{0DDC1AA2-9418-2337-6268-A7FC5212154C}.Debug|x64.Build.0 = Debug|x64
		{0DDC1AA2-9418-2337-6268-A7FC5212154C}.Release|Win32.ActiveCfg = Release|Win32
		{0DDC1AA2-9418-2337-6268-A7FC5212154C}.Release|Win32.Build.0 = Release|Win32
		{1025800C-CD3F-9517-9336-3CA36B16CD86}.Release|x64.ActiveCfg = Release|x64
		{1025800C-CD3F-9517-9336-3CA36B16CD86}.Release|x64.Build.0 = Release|x64
		{1025800C-CD3F-9517-9336-3CA36B16CD86}.Debug|Win32.ActiveCfg = Debug|Win32
		{1025800C-CD3F-9517-9336-3CA36B16CD86}.Debug|Win32.Build.0 = Debug|Win32
		{1025800C-CD3F-9517-9336-3CA36B16CD86}.Debug|x64.ActiveCfg = Debug|x64
		{1025800C-CD3F-9517-9336-3CA36B16CD86}.Debug|x64.Build.0 = Debug|x64
		{1025800C-CD3F-9517-9336-3CA36B16CD86}.Release|Win32.ActiveCfg = Release|Win32
		{1025800C-CD3F-9517-9336-3CA36B16CD86}.Release|Win32.Build.0 = Release|Win32
		{1304C508-03B8-6E8F-6AA3-48732857CE35}.Release|x64.ActiveCfg = Release|x64
		{1304C508-03B8-6E8F-6AA3-48732857CE35}.Release|x64.Build.0 = Release|x64
		{1304C508-03B8-6E8F-6AA3-48732857CE35}.Debug|Win32.ActiveCfg = Debug|Win32
		{1304C508-03B8-6E8F-6AA3-48732857CE35}.Debug|Win32.Build.0 = Debug|Win32
		{1304C508-03B8-6E8F-6AA3-48732857CE35}.Debug|x64.ActiveCfg = Debug|x64
		{1304C508-03B8-6E8F-6AA3-48732857CE35}.Debug|x64.Build.0 = Debug|x64
		{1304C508-03B8-6E8F-6AA3-48732857CE35}.Release|Win32.ActiveCfg = Release|Win32
		{1304C508-03B8-6E8F-6AA3-48732857CE35}.Release|Win32.Build.0 = Release|Win32
		{18D6ABEE-A021-D069-7BE7-956D1AA88F43}.Release|x64.ActiveCfg = Release|x64
		{18D6ABEE-A021-D069-7BE7-956D1AA88F43}.Release|x64.Build.0 = Release|x64
		{18D6ABEE-A021-D069-7BE7-956D1AA88F43}.Debug|Win32.ActiveCfg = Debug|Win32
		{18D6ABEE-A021-D069-7BE7-956D1AA88F43}.Debug|Win32.Build.0 = Debug|Win32
		{18D6ABEE-A021-D069-7BE7-956D1AA88F43}.Debug|x64.ActiveCfg = Debug|x64
		{18D6ABEE-A021-D069-7BE7-956D1AA88F43}.Debug|x64.Build.0 = Debug|x64
		{18D6ABEE-A021-D069-7BE7-956D1AA88F43}.Release|Win32.ActiveCfg = Release|Win32
		{18D6ABEE-A021-D069-7BE7-956D1AA88F43}.Release|Win32.Build.0 = Release|Win32
		{199B9BA3-11E4-EA84-3DB3-276F9F82D705}.Release|x64.ActiveCfg = Release|x64
		{199B9BA3-11E4-EA84-3DB3-276F9F82D705}.Release|x64.Build.0 = Release|x64
		{199B9BA3-11E4-EA84-3DB3-276F9F82D705}.Debug|Win32.ActiveCfg = Debug|Win32
		{199B9BA3-11E4-EA84-3DB3-276F9F82D705}.Debug|Win32.Build.0 = Debug|Win32
		{199B9BA3-11E4-EA84-3DB3-276F9F82D705}.Debug|x64.ActiveCfg = Debug|x64
		{199B9BA3-11E4-EA84-3DB3-276F9F82D705}.Debug|x64.Build.0 = Debug|x64
		{199B9BA3-11E4-EA84-3DB3-276F9F82D705}.Release|Win32.ActiveCfg = Release|Win32
		{199B9BA3-11E4-EA84-3DB3-276F9F82D705}.Release|Win32.Build.0 = Release|Win32
		{1B1B260C-1F5C-D07A-7D05-9D70F24BA0A8}.Release|x64.ActiveCfg = Release|x64
		{1B1B260C-1F5C-D07A-7D05-9D70F24BA0A8}.Release|x64.Build.0 = Release|x64
		{1B1B260C-1F5C-D07A-7D05-9D70F24BA0A8}.Debug|Win32.ActiveCfg = Debug|Win32
		{1B1B260C-1F5C-D07A-7D05-9D70F24BA0A8}.Debug|Win32.Build.0 = Debug|Win32
		{1B1B260C-1F5C-D07A-7D05-9D70F24BA0A8}.Debug|x64.ActiveCfg = Debug|x64
		{1B1B260C-1F5C-D07A-7D05-9D70F24BA0A8}.Debug|x64.Build.0 = Debug|x64
		{1B1B260C-1F5C-D07A-7D05-9D70F24BA0A8}.Release|Win32.ActiveCfg = Release|Win32
		{1B1B260C-1F5C-D07A-7D05-9D70F24BA0A8}.Release|Win32.Build.0 = Release|Win32
		{1B3D36AF-86C0-5997-A298-6865DF64196D}.Release|x64.ActiveCfg = Release|x64
		{1B3D36AF-86C0-5997-A298-6865DF64196D}.Release|x64.Build.0 = Release|x64
		{1B3D36AF-86C0-5997-A298-6865DF64196D}.Debug|Win32.ActiveCfg = Debug|Win32
		{1B3D36AF-86C0-5997-A298-6865DF64196D}.Debug|Win32.Build.0 = Debug|Win32
		{1B3D36AF-86C0-5997-A298-6865DF64196D}.Debug|x64.ActiveCfg = Debug|x64
		{1B3D36AF-86C0-5997-A298-6865DF64196D}.Debug|x64.Build.0 = Debug|x64
		{1B3D36AF-86C0-5997-A298-6865DF64196D}.Release|Win32.ActiveCfg = Release|Win32
		{1B3D36AF-86C0-5997-A298-6865DF64196D}.Release|Win32.Build.0 = Release|Win32
		{20C02F87-079A-3486-0F14-8CE834F46C96}.Release|x64.ActiveCfg = Release|x64
		{20C02F87-079A-3486-0F14-8CE834F46C96}.Release|x64.Build.0 = Release|x64
		{20C02F87-079A-3486-0F14-8CE834F46C96}.Debug|Win32.ActiveCfg = Debug|Win32
		{20C02F87-079A-3486-0F14-8CE834F46C96}.Debug|Win32.Build.0 = Debug|Win32
		{20C02F87-079A-3486-0F14-8CE834F46C96}.Debug|x64.ActiveCfg = Debug|x64
		{20C02F87-079A-3486-0F14-8CE834F46C96}.Debug|x64.Build.0 = Debug|x64
		{20C02F87-079A-3486-0F14-8CE834F46C96}.Release|Win32.ActiveCfg = Release|Win32
		{20C02F87-079A-3486-0F14-8CE834F46C96}.Release|Win32.Build.0 = Release|Win32
		{2BCC266C-D9F4-8115-2A34-2580FDAA3AB5}.Release|x64.ActiveCfg = Release|x64
		{2BCC266C-D9F4-8115-2A34-2580FDAA3AB5}.Release|x64.Build.0 = Release|x64
		{2BCC266C-D9F4-8115-2A34-2580FDAA3AB5}.Debug|Win32.ActiveCfg = Debug|Win32
		{2BCC266C-D9F4-8115-2A34-2580FDAA3AB5}.Debug|Win32.Build.0 = Debug|Win32
		{2BCC266C-D9F4-8115-2A34-2580FDAA3AB5}.Debug|x64.ActiveCfg = Debug|x64
		{2BCC266C-D9F4-8115-2A34-2580FDAA3AB5}.Debug|x64.Build.0 = Debug|x64
		{2BCC266C-D9F4-8115-2A34-2580FDAA3AB5}.Release|Win32.ActiveCfg = Release|Win32
		{2BCC266C-D9F4-8115-2A34-2580FDAA3AB5}.Release|Win32.Build.0 = Release|Win32
		{2E2D3301-2EC4-4C0F-B889-87073B30F673}.Release|x64.ActiveCfg = Release|x64
		{2E2D3301-2EC4-4C0F-B889-87073B30F673}.Release|x64.Build.0 = Release|x64
		{2E2D3301-2EC4-4C0F-B889-87073B30F673}.Debug|Win32.ActiveCfg = Debug|Win32
		{2E2D3301-2EC4-4C0F-B889-87073B30F673}.Debug|Win32.Build.0 = Debug|Win32
		{2E2D3301-2EC4-4C0F-B889-87073B30F673}.Debug|x64.ActiveCfg = Debug|x64
		{2E2D3301-2EC4-4C0F-B889-87073B30F673}.Debug|x64.Build.0 = Debug|x64
		{2E2D3301-2EC4-4C0F-B889-87073B30F673}.Release|Win32.ActiveCfg = Release|Win32
		{2E2D3301-2EC4-4C0F-B889-87073B30F673}.Release|Win32.Build.0 = Release|Win32
		{31E6CEFC-D6D7-CAF8-351A-C2997AA347D5}.Release|x64.ActiveCfg = Release|x64
		{31E6CEFC-D6D7-CAF8-351A-C2997AA347D5}.Release|x64.Build.0 = Release|x64
		{31E6CEFC-D6D7-CAF8-351A-C2997AA347D5}.Debug|Win32.ActiveCfg = Debug|Win32
		{31E6CEFC-D6D7-CAF8-351A-C2997AA347D5}.Debug|Win32.Build.0 = Debug|Win32
		{31E6CEFC-D6D7-CAF8-351A-C2997AA347D5}.Debug|x64.ActiveCfg = Debug|x64
		{31E6CEFC-D6D7-CAF8-351A-C2997AA347D5}.Debug|x64.Build.0 = Debug|x64
		{31E6CEFC-D6D7-CAF8-351A-C2997AA347D5}.Release|Win32.ActiveCfg = Release|Win32
		{31E6CEFC-D6D7-CAF8-351A-C2997AA347D5}.Release|Win32.Build.0 = Release|Win32
		{38B5A904-83DA-0F54-4AF1-ABEDD76AA98B}.Release|x64.ActiveCfg = Release|x64
		{38B5A904-83DA-0F54-4AF1-ABEDD76AA98B}.Release|x64.Build.0 = Release|x64
		{38B5A904-83DA-0F54-4AF1-ABEDD76AA98B}.Debug|Win32.ActiveCfg = Debug|Win32
		{38B5A904-83DA-0F54-4AF1-ABEDD76AA98B}.Debug|Win32.Build.0 = Debug|Win32
		{38B5A904-83DA-0F54-4AF1-ABEDD76AA98B}.Debug|x64.ActiveCfg = Debug|x64
		{38B5A904-83DA-0F54-4AF1-ABEDD76AA98B}.Debug|x64.Build.0 = Debug|x64
		{38B5A904-83DA-0F54-4AF1-ABEDD76AA98B}.Release|Win32.ActiveCfg = Release|Win32
		{38B5A904-83DA-0F54-4AF1-ABEDD76AA98B}.Release|Win32.Build.0 = Release|Win32
		{3AA4EBE3-F36D-DD76-59CD-A8BF22AAC488}.Release|x64.ActiveCfg = Release|x64
		{3AA4EBE3-F36D-DD76-59CD-A8BF22AAC488}.Release|x64.Build.0 = Release|x64
		{3AA4EBE3-F36D-DD76-59CD-A8BF22AAC488}.Debug|Win32.ActiveCfg = Debug|Win32
		{3AA4EBE3-F36D-DD76-59CD-A8BF22AAC488}.Debug|Win32.Build.0 = Debug|Win32
		{3AA4EBE3-F36D-DD76-59CD-A8BF22AAC488}.Debug|x64.ActiveCfg = Debug|x64
		{3AA4EBE3-F36D-DD76-59CD-A8BF22AAC488}.Debug|x64.Build.0 = Debug|x64
		{3AA4EBE3-F36D-DD76-59CD-A8BF22AAC488}.Release|Win32.ActiveCfg = Release|Win32
		{3AA4EBE3-F36D-DD76-59CD-A8BF22AAC488}.Release|Win32.Build.0 = Release|Win32
		{3D9E1C1F-A68D-9C2F-026D-9E83E2DF28A2}.Release|x64.ActiveCfg = Release|x64
		{3D9E1C1F-A68D-9C2F-026D-9E83E2DF28A2}.Release|x64.Build.0 = Release|x64
		{3D9E1C1F-A68D-9C2F-026D-9E83E2DF28A2}.Debug|Win32.ActiveCfg = Debug|Win32
		{3D9E1C1F-A68D-9C2F-026D-9E83E2DF28A2}.Debug|Win32.Build.0 = Debug|Win32
		{3D9E1C1F-A68D-9C2F-026D-9E83E2DF28A2}.Debug|x64.ActiveCfg = Debug|x64
		{3D9E1C1F-A68D-9C2F-026D-9E83E2DF28A2}.Debug|x64.Build.0 = Debug|x64
		{3D9E1C1F-A68D-9C2F-026D-9E83E2DF28A2}.Release|Win32.ActiveCfg = Release|Win32
		{3D9E1C1F-A68D-9C2F-026D-9E83E2DF28A2}.Release|Win32.Build.0 = Release|Win32
		{3FDEE94A-9D58-DECE-74BA-5565754EFEFF}.Release|x64.ActiveCfg = Release|x64
		{3FDEE94A-9D58-DECE-74BA-5565754EFEFF}.Release|x64.Build.0 = Release|x64
		{3FDEE94A-9D58-DECE-74BA-5565754EFEFF}.Debug|Win32.ActiveCfg = Debug|Win32
		{3FDEE94A-9D58-DECE-74BA-5565754EFEFF}.Debug|Win32.Build.0 = Debug|Win32
		{3FDEE94A-9D58-DECE-74BA-5565754EFEFF}.Debug|x64.ActiveCfg = Debug|x64
		{3FDEE94A-9D58-DECE-74BA-5565754EFEFF}.Debug|x64.Build.0 = Debug|x64
		{3FDEE94A-9D58-DECE-74BA-5565754EFEFF}.Release|Win32.ActiveCfg = Release|Win32
		{3FDEE94A-9D58-DECE-74BA-5565754EFEFF}.Release|Win32.Build.0 = Release|Win32
		{43807E9E-3D83-E8E4-8CD1-13E98FFC6045}.Release|x64.ActiveCfg = Release|x64
		{43807E9E-3D83-E8E4-8CD1-13E98FFC6045}.Release|x64.Build.0 = Release|x64
		{43807E9E-3D83-E8E4-8CD1-13E98FFC6045}.Debug|Win32.ActiveCfg = Debug|Win32
		{43807E9E-3D83-E8E4-8CD1-13E98FFC6045}.Debug|Win32.Build.0 = Debug|Win32
		{43807E9E-3D83-E8E4-8CD1-13E98FFC6045}.Debug|x64.ActiveCfg = Debug|x64
		{43807E9E-3D83-E8E4-8CD1-13E98FFC6045}.Debug|x64.Build.0 = Debug|x64
		{43807E9E-3D83-E8E4-8CD1-13E98FFC6045}.Release|Win32.ActiveCfg = Release|Win32
		{43807E9E-3D83-E8E4-8CD1-13E98FFC6045}.Release|Win32.Build.0 = Release|Win32
		{47147286-98E1-2D92-741D-25EC4080A51F}.Release|x64.ActiveCfg = Release|x64
		{47147286-98E1-2D92-741D-25EC4080A51F}.Release|x64.Build.0 = Release|x64
		{47147286-98E1-2D92-741D-25EC4080A51F}.Debug|Win32.ActiveCfg = Debug|Win32
		{47147286-98E1-2D92-741D-25EC4080A51F}.Debug|Win32.Build.0 = Debug|Win32
		{47147286-98E1-2D92-741D-25EC4080A51F}.Debug|x64.ActiveCfg = Debug|x64
		{47147286-98E1-2D92-741D-25EC4080A51F}.Debug|x64.Build.0 = Debug|x64
		{47147286-98E1-2D92-741D-25EC4080A51F}.Release|Win32.ActiveCfg = Release|Win32
		{47147286-98E1-2D92-741D-25EC4080A51F}.Release|Win32.Build.0 = Release|Win32
		{49909552-0B0C-4C14-8CF6-DB8A2ADE0934}.Release|x64.ActiveCfg = Release|x64
		{49909552-0B0C-4C14-8CF6-DB8A2ADE0934}.Release|x64.Build.0 = Release|x64
		{49909552-0B0C-4C14-8CF6-DB8A2ADE0934}.Debug|Win32.ActiveCfg = Debug|Win32
		{49909552-0B0C-4C14-8CF6-DB8A2ADE0934}.Debug|Win32.Build.0 = Debug|Win32
		{49909552-0B0C-4C14-8CF6-DB8A2ADE0934}.Debug|x64.ActiveCfg = Debug|x64
		{49909552-0B0C-4C14-8CF6-DB8A2ADE0934}.Debug|x64.Build.0 = Debug|x64
		{49909552-0B0C-4C14-8CF6-DB8A2ADE0934}.Release|Win32.ActiveCfg = Release|Win32
		{49909552-0B0C-4C14-8CF6-DB8A2ADE0934}.Release|Win32.Build.0 = Release|Win32
		{4C954A87-EBAA-D440-0B5E-4343FE591CEA}.Release|x64.ActiveCfg = Release|x64
		{4C954A87-EBAA-D440-0B5E-4343FE591CEA}.Release|x64.Build.0 = Release|x64
		{4C954A87-EBAA-D440-0B5E-4343FE591CEA}.Debug|Win32.ActiveCfg = Debug|Win32
		{4C954A87-EBAA-D440-0B5E-4343FE591CEA}.Debug|Win32.Build.0 = Debug|Win32
		{4C954A87-EBAA-D440-0B5E-4343FE591CEA}.Debug|x64.ActiveCfg = Debug|x64
		{4C954A87-EBAA-D440-0B5E-4343FE591CEA}.Debug|x64.Build.0 = Debug|x64
		{4C954A87-EBAA-D440-0B5E-4343FE591CEA}.Release|Win32.ActiveCfg = Release|Win32
		{4C954A87-EBAA-D440-0B5E-4343FE591CEA}.Release|Win32.Build.0 = Release|Win32
		{4D2BC45D-F97B-003C-C1C2-AD51D5DDEB28}.Release|x64.ActiveCfg = Release|x64
		{4D2BC45D-F97B-003C-C1C2-AD51D5DDEB28}.Release|x64.Build.0 = Release|x64
		{4D2BC45D-F97B-003C-C1C2-AD51D5DDEB28}.Debug|Win32.ActiveCfg = Debug|Win32
		{4D2BC45D-F97B-003C-C1C2-AD51D5DDEB28}.Debug|Win32.Build.0 = Debug|Win32
		{4D2BC45D-F97B-003C-C1C2-AD51D5DDEB28}.Debug|x64.ActiveCfg = Debug|x64
		{4D2BC45D-F97B-003C-C1C2-AD51D5DDEB28}.Debug|x64.Build.0 = Debug|x64
		{4D2BC45D-F97B-003C-C1C2-AD51D5DDEB28}.Release|Win32.ActiveCfg = Release|Win32
		{4D2BC45D-F97B-003C-C1C2-AD51D5DDEB28}.Release|Win32.Build.0 = Release|Win32
		{508CFAE9-AC6C-0A1B-F839-F5B4DE89F3D7}.Release|x64.ActiveCfg = Release|x64
		{508CFAE9-AC6C-0A1B-F839-F5B4DE89F3D7}.Release|x64.Build.0 = Release|x64
		{508CFAE9-AC6C-0A1B-F839-F5B4DE89F3D7}.Debug|Win32.ActiveCfg = Debug|Win32
		{508CFAE9-AC6C-0A1B-F839-F5B4DE89F3D7}.Debug|Win32.Build.0 = Debug|Win32
		{508CFAE9-AC6C-0A1B-F839-F5B4DE89F3D7}.Debug|x64.ActiveCfg = Debug|x64
		{508CFAE9-AC6C-0A1B-F839-F5B4DE89F3D7}.Debug|x64.Build.0 = Debug|x64
		{508CFAE9-AC6C-0A1B-F839-F5B4DE89F3D7}.Release|Win32.ActiveCfg = Release|Win32
		{508CFAE9-AC6C-0A1B-F839-F5B4DE89F3D7}.Release|Win32.Build.0 = Release|Win32
		{56A8D7B7-66A4-D224-F77D-59D7FF3D2BD1}.Release|x64.ActiveCfg = Release|x64
		{56A8D7B7-66A4-D224-F77D-59D7FF3D2BD1}.Release|x64.Build.0 = Release|x64
		{56A8D7B7-66A4-D224-F77D-59D7FF3D2BD1}.Debug|Win32.ActiveCfg = Debug|Win32
		{56A8D7B7-66A4-D224-F77D-59D7FF3D2BD1}.Debug|Win32.Build.0 = Debug|Win32
		{56A8D7B7-66A4-D224-F77D-59D7FF3D2BD1}.Debug|x64.ActiveCfg = Debug|x64
		{56A8D7B7-66A4-D224-F77D-59D7FF3D2BD1}.Debug|x64.Build.0 = Debug|x64
		{56A8D7B7-66A4-D224-F77D-59D7FF3D2BD1}.Release|Win32.ActiveCfg = Release|Win32
		{56A8D7B7-66A4-D224-F77D-59D7FF3D2BD1}.Release|Win32.Build.0 = Release|Win32
		{59A5EF20-1CA5-F296-FB4D-2CA57B03C38E}.Release|x64.ActiveCfg = Release|x64
		{59A5EF20-1CA5-F296-FB4D-2CA57B03C38E}.Release|x64.Build.0 = Release|x64
		{59A5EF20-1CA5-F296-FB4D-2CA57B03C38E}.Debug|Win32.ActiveCfg = Debug|Win32
		{59A5EF20-1CA5-F296-FB4D-2CA57B03C38E}.Debug|Win32.Build.0 = Debug|Win32
		{59A5EF20-1CA5-F296-FB4D-2CA57B03C38E}.Debug|x64.ActiveCfg = Debug|x64
		{59A5EF20-1CA5-F296-FB4D-2CA57B03C38E}.Debug|x64.Build.0 = Debug|x64
		{59A5EF20-1CA5-F296-FB4D-2CA57B03C38E}.Release|Win32.ActiveCfg = Release|Win32
		{59A5EF20-1CA5-F296-FB4D-2CA57B03C38E}.Release|Win32.Build.0 = Release|Win32
		{5E53223B-E311-B960-BE8D-A5FCADE5B04F}.Release|x64.ActiveCfg = Release|x64
		{5E53223B-E311-B960-BE8D-A5FCADE5B04F}.Release|x64.Build.0 = Release|x64
		{5E53223B-E311-B960-BE8D-A5FCADE5B04F}.Debug|Win32.ActiveCfg = Debug|Win32
		{5E53223B-E311-B960-BE8D-A5FCADE5B04F}.Debug|Win32.Build.0 = Debug|Win32
		{5E53223B-E311-B960-BE8D-A5FCADE5B04F}.Debug|x64.ActiveCfg = Debug|x64
		{5E53223B-E311-B960-BE8D-A5FCADE5B04F}.Debug|x64.Build.0 = Debug|x64
		{5E53223B-E311-B960-BE8D-A5FCADE5B04F}.Release|Win32.ActiveCfg = Release|Win32
		{5E53223B-E311-B960-BE8D-A5FCADE5B04F}.Release|Win32.Build.0 = Release|Win32
		{66FE90D0-8F39-7569-6EC3-65591C74DD39}.Release|x64.ActiveCfg = Release|x64
		{66FE90D0-8F39-7569-6EC3-65591C74DD39}.Release|x64.Build.0 = Release|x64
		{66FE90D0-8F39-7569-6EC3-65591C74DD39}.Debug|Win32.ActiveCfg = Debug|Win32
		{66FE90D0-8F39-7569-6EC3-65591C74DD39}.Debug|Win32.Build.0 = Debug|Win32
		{66FE90D0-8F39-7569-6EC3-65591C74DD39}.Debug|x64.ActiveCfg = Debug|x64
		{66FE90D0-8F39-7569-6EC3-65591C74DD39}.Debug|x64.Build.0 = Debug|x64
		{66FE90D0-8F39-7569-6EC3-65591C74DD39}.Release|Win32.ActiveCfg = Release|Win32
		{66FE90D0-8F39-7569-6EC3-65591C74DD39}.Release|Win32.Build.0 = Release|Win32
		{68211F8F-DDD9-A40A-3660-695EA962F934}.Release|x64.ActiveCfg = Release|x64
		{68211F8F-DDD9-A40A-3660-695EA962F934}.Release|x64.Build.0 = Release|x64
		{68211F8F-DDD9-A40A-3660-695EA962F934}.Debug|Win32.ActiveCfg = Debug|Win32
		{68211F8F-DDD9-A40A-3660-695EA962F934}.Debug|Win32.Build.0 = Debug|Win32
		{68211F8F-DDD9-A40A-3660-695EA962F934}.Debug|x64.ActiveCfg = Debug|x64
		{68211F8F-DDD9-A40A-3660-695EA962F934}.Debug|x64.Build.0 = Debug|x64
		{68211F8F-DDD9-A40A-3660-695EA962F934}.Release|Win32.ActiveCfg = Release|Win32
		{68211F8F-DDD9-A40A-3660-695EA962F934}.Release|Win32.Build.0 = Release|Win32
		{688695F9-2D8C-62FD-E442-82C313303E2C}.Release|x64.ActiveCfg = Release|x64
		{688695F9-2D8C-62FD-E442-82C313303E2C}.Release|x64.Build.0 = Release|x64
		{688695F9-2D8C-62FD-E442-82C313303E2C}.Debug|Win32.ActiveCfg = Debug|Win32
		{688695F9-2D8C-62FD-E442-82C313303E2C}.Debug|Win32.Build.0 = Debug|Win32
		{688695F9-2D8C-62FD-E442-82C313303E2C}.Debug|x64.ActiveCfg = Debug|x64
		{688695F9-2D8C-62FD-E442-82C313303E2C}.Debug|x64.Build.0 = Debug|x64
		{688695F9-2D8C-62FD-E442-82C313303E2C}.Release|Win32.ActiveCfg = Release|Win32
		{688695F9-2D8C-62FD-E442-82C313303E2C}.Release|Win32.Build.0 = Release|Win32
		{688C1FFA-9285-0352-F43B-E5D7666D75DE}.Release|x64.ActiveCfg = Release|x64
		{688C1FFA-9285-0352-F43B-E5D7666D75DE}.Release|x64.Build.0 = Release|x64
		{688C1FFA-9285-0352-F43B-E5D7666D75DE}.Debug|Win32.ActiveCfg = Debug|Win32
		{688C1FFA-9285-0352-F43B-E5D7666D75DE}.Debug|Win32.Build.0 = Debug|Win32
		{688C1FFA-9285-0352-F43B-E5D7666D75DE}.Debug|x64.ActiveCfg = Debug|x64
		{688C1FFA-9285-0352-F43B-E5D7666D75DE}.Debug|x64.Build.0 = Debug|x64
		{688C1FFA-9285-0352-F43B-E5D7666D75DE}.Release|Win32.ActiveCfg = Release|Win32
		{688C1FFA-9285-0352-F43B-E5D7666D75DE}.Release|Win32.Build.0 = Release|Win32
		{6A317C26-963B-BE98-DC9C-95AA35D2D741}.Release|x64.ActiveCfg = Release|x64
		{6A317C26-963B-BE98-DC9C-95AA35D2D741}.Release|x64.Build.0 = Release|x64
		{6A317C26-963B-BE98-DC9C-95AA35D2D741}.Debug|Win32.ActiveCfg = Debug|Win32
		{6A317C26-963B-BE98-DC9C-95AA35D2D741}.Debug|Win32.Build.0 = Debug|Win32
		{6A317C26-963B-BE98-DC9C-95AA35D2D741}.Debug|x64.ActiveCfg = Debug|x64
		{6A317C26-963B-BE98-DC9C-95AA35D2D741}.Debug|x64.Build.0 = Debug|x64
		{6A317C26-963B-BE98-DC9C-95AA35D2D741}.Release|Win32.ActiveCfg = Release|Win32
		{6A317C26-963B-BE98-DC9C-95AA35D2D741}.Release|Win32.Build.0 = Release|Win32
		{6B52D8DC-D637-A223-A5D6-5D398661A1A1}.Release|x64.ActiveCfg = Release|x64
		{6B52D8DC-D637-A223-A5D6-5D398661A1A1}.Release|x64.Build.0 = Release|x64
		{6B52D8DC-D637-A223-A5D6-5D398661A1A1}.Debug|Win32.ActiveCfg = Debug|Win32
		{6B52D8DC-D637-A223-A5D6-5D398661A1A1}.Debug|Win32.Build.0 = Debug|Win32
		{6B52D8DC-D637-A223-A5D6-5D398661A1A1}.Debug|x64.ActiveCfg = Debug|x64
		{6B52D8DC-D637-A223-A5D6-5D398661A1A1}.Debug|x64.Build.0 = Debug|x64
		{6B52D8DC-D637-A223-A5D6-5D398661A1A1}.Release|Win32.ActiveCfg = Release|Win32
		{6B52D8DC-D637-A223-A5D6-5D398661A1A1}.Release|Win32.Build.0 = Release|Win32
		{6D2E9365-C662-5EC3-2A65-AD7D1FF9FF69}.Release|x64.ActiveCfg = Release|x64
		{6D2E9365-C662-5EC3-2A65-AD7D1FF9FF69}.Release|x64.Build.0 = Release|x64
		{6D2E9365-C662-5EC3-2A65-AD7D1FF9FF69}.Debug|Win32.ActiveCfg = Debug|Win32
		{6D2E9365-C662-5EC3-2A65-AD7D1FF9FF69}.Debug|Win32.Build.0 = Debug|Win32
		{6D2E9365-C662-5EC3-2A65-AD7D1FF9FF69}.Debug|x64.ActiveCfg = Debug|x64
		{6D2E9365-C662-5EC3-2A65-AD7D1FF9FF69}.Debug|x64.Build.0 = Debug|x64
		{6D2E9365-C662-5EC3-2A65-AD7D1FF9FF69}.Release|Win32.ActiveCfg = Release|Win32
		{6D2E9365-C662-5EC3-2A65-AD7D1FF9FF69}.Release|Win32.Build.0 = Release|Win32
		{6FC35205-47FC-97B4-7D6E-8FC6BB99AB82}.Release|x64.ActiveCfg = Release|x64
		{6FC35205-47FC-97B4-7D6E-8FC6BB99AB82}.Release|x64.Build.0 = Release|x64
		{6FC35205-47FC-97B4-7D6E-8FC6BB99AB82}.Debug|Win32.ActiveCfg = Debug|Win32
		{6FC35205-47FC-97B4-7D6E-8FC6BB99AB82}.Debug|Win32.Build.0 = Debug|Win32
		{6FC35205-47FC-97B4-7D6E-8FC6BB99AB82}.Debug|x64.ActiveCfg = Debug|x64
		{6FC35205-47FC-97B4-7D6E-8FC6BB99AB82}.Debug|x64.Build.0 = Debug|x64
		{6FC35205-47FC-97B4-7D6E-8FC6BB99AB82}.Release|Win32.ActiveCfg = Release|Win32
		{6FC35205-47FC-97B4-7D6E-8FC6BB99AB82}.Release|Win32.Build.0 = Release|Win32
		{71309F2F-CA6B-BD48-4995-6A84EB984622}.Release|x64.ActiveCfg = Release|x64
		{71309F2F-CA6B-BD48-4995-6A84EB984622}.Release|x64.Build.0 = Release|x64
		{71309F2F-CA6B-BD48-4995-6A84EB984622}.Debug|Win32.ActiveCfg = Debug|Win32
		{71309F2F-CA6B-BD48-4995-6A84EB984622}.Debug|Win32.Build.0 = Debug|Win32
		{71309F2F-CA6B-BD48-4995-6A84EB984622}.Debug|x64.ActiveCfg = Debug|x64
		{71309F2F-CA6B-BD48-4995-6A84EB984622}.Debug|x64.Build.0 = Debug|x64
		{71309F2F-CA6B-BD48-4995-6A84EB984622}.Release|Win32.ActiveCfg = Release|Win32
		{71309F2F-CA6B-BD48-4995-6A84EB984622}.Release|Win32.Build.0 = Release|Win32
		{734E8BCE-B176-FFC7-D86A-3A843A26342E}.Release|x64.ActiveCfg = Release|x64
		{734E8BCE-B176-FFC7-D86A-3A843A26342E}.Release|x64.Build.0 = Release|x64
		{734E8BCE-B176-FFC7-D86A-3A843A26342E}.Debug|Win32.ActiveCfg = Debug|Win32
		{734E8BCE-B176-FFC7-D86A-3A843A26342E}.Debug|Win32.Build.0 = Debug|Win32
		{734E8BCE-B176-FFC7-D86A-3A843A26342E}.Debug|x64.ActiveCfg = Debug|x64
		{734E8BCE-B176-FFC7-D86A-3A843A26342E}.Debug|x64.Build.0 = Debug|x64
		{734E8BCE-B176-FFC7-D86A-3A843A26342E}.Release|Win32.ActiveCfg = Release|Win32
		{734E8BCE-B176-FFC7-D86A-3A843A26342E}.Release|Win32.Build.0 = Release|Win32
		{73567E7A-CD96-9778-5847-70084CD79BAD}.Release|x64.ActiveCfg = Release|x64
		{73567E7A-CD96-9778-5847-70084CD79BAD}.Release|x64.Build.0 = Release|x64
		{73567E7A-CD96-9778-5847-70084CD79BAD}.Debug|Win32.ActiveCfg = Debug|Win32
		{73567E7A-CD96-9778-5847-70084CD79BAD}.Debug|Win32.Build.0 = Debug|Win32
		{73567E7A-CD96-9778-5847-70084CD79BAD}.Debug|x64.ActiveCfg = Debug|x64
		{73567E7A-CD96-9778-5847-70084CD79BAD}.Debug|x64.Build.0 = Debug|x64
		{73567E7A-CD96-9778-5847-70084CD79BAD}.Release|Win32.ActiveCfg = Release|Win32
		{73567E7A-CD96-9778-5847-70084CD79BAD}.Release|Win32.Build.0 = Release|Win32
		{76C9BDD8-004F-4705-8DCA-780630547F7D}.Release|x64.ActiveCfg = Release|x64
		{76C9BDD8-004F-4705-8DCA-780630547F7D}.Release|x64.Build.0 = Release|x64
		{76C9BDD8-004F-4705-8DCA-780630547F7D}.Debug|Win32.ActiveCfg = Debug|Win32
		{76C9BDD8-004F-4705-8DCA-780630547F7D}.Debug|Win32.Build.0 = Debug|Win32
		{76C9BDD8-004F-4705-8DCA-780630547F7D}.Debug|x64.ActiveCfg = Debug|x64
		{76C9BDD8-004F-4705-8DCA-780630547F7D}.Debug|x64.Build.0 = Debug|x64
		{76C9BDD8-004F-4705-8DCA-780630547F7D}.Release|Win32.ActiveCfg = Release|Win32
		{76C9BDD8-004F-4705-8DCA-780630547F7D}.Release|Win32.Build.0 = Release|Win32
		{77B38372-DECC-9BFD-BDE7-AA07464BA34C}.Release|x64.ActiveCfg = Release|x64
		{77B38372-DECC-9BFD-BDE7-AA07464BA34C}.Release|x64.Build.0 = Release|x64
		{77B38372-DECC-9BFD-BDE7-AA07464BA34C}.Debug|Win32.ActiveCfg = Debug|Win32
		{77B38372-DECC-9BFD-BDE7-AA07464BA34C}.Debug|Win32.Build.0 = Debug|Win32
		{77B38372-DECC-9BFD-BDE7-AA07464BA34C}.Debug|x64.ActiveCfg = Debug|x64
		{77B38372-DECC-9BFD-BDE7-AA07464BA34C}.Debug|x64.Build.0 = Debug|x64
		{77B38372-DECC-9BFD-BDE7-AA07464BA34C}.Release|Win32.ActiveCfg = Release|Win32
		{77B38372-DECC-9BFD-BDE7-AA07464BA34C}.Release|Win32.Build.0 = Release|Win32
		{77DD7F90-1E1B-2B83-6CD6-1D7D3AC100D5}.Release|x64.ActiveCfg = Release|x64
		{77DD7F90-1E1B-2B83-6CD6-1D7D3AC100D5}.Release|x64.Build.0 = Release|x64
		{77DD7F90-1E1B-2B83-6CD6-1D7D3AC100D5}.Debug|Win32.ActiveCfg = Debug|Win32
		{77DD7F90-1E1B-2B83-6CD6-1D7D3AC100D5}.Debug|Win32.Build.0 = Debug|Win32
		{77DD7F90-1E1B-2B83-6CD6-1D7D3AC100D5}.Debug|x64.ActiveCfg = Debug|x64
		{77DD7F90-1E1B-2B83-6CD6-1D7D3AC100D5}.Debug|x64.Build.0 = Debug|x64
		{77DD7F90-1E1B-2B83-6CD6-1D7D3AC100D5}.Release|Win32.ActiveCfg = Release|Win32
		{77DD7F90-1E1B-2B83-6CD6-1D7D3AC100D5}.Release|Win32.Build.0 = Release|Win32
		{79B237A2-B5B0-6423-A679-FCA44378ACF1}.Release|x64.ActiveCfg = Release|x64
		{79B237A2-B5B0-6423-A679-FCA44378ACF1}.Release|x64.Build.0 = Release|x64
		{79B237A2-B5B0-6423-A679-FCA44378ACF1}.Debug|Win32.ActiveCfg = Debug|Win32
		{79B237A2-B5B0-6423-A679-FCA44378ACF1}.Debug|Win32.Build.0 = Debug|Win32
		{79B237A2-B5B0-6423-A679-FCA44378ACF1}.Debug|x64.ActiveCfg = Debug|x64
		{79B237A2-B5B0-6423-A679-FCA44378ACF1}.Debug|x64.Build.0 = Debug|x64
		{79B237A2-B5B0-6423-A679-FCA44378ACF1}.Release|Win32.ActiveCfg = Release|Win32
		{79B237A2-B5B0-6423-A679-FCA44378ACF1}.Release|Win32.Build.0 = Release|Win32
		{7B1BC2A1-6696-9498-4997-6E6EDF76CC7C}.Release|x64.ActiveCfg = Release|x64
		{7B1BC2A1-6696-9498-4997-6E6EDF76CC7C}.Release|x64.Build.0 = Release|x64
		{7B1BC2A1-6696-9498-4997-6E6EDF76CC7C}.Debug|Win32.ActiveCfg = Debug|Win32
		{7B1BC2A1-6696-9498-4997-6E6EDF76CC7C}.Debug|Win32.Build.0 = Debug|Win32
		{7B1BC2A1-6696-9498-4997-6E6EDF76CC7C}.Debug|x64.ActiveCfg = Debug|x64
		{7B1BC2A1-6696-9498-4997-6E6EDF76CC7C}.Debug|x64.Build.0 = Debug|x64
		{7B1BC2A1-6696-9498-4997-6E6EDF76CC7C}.Release|Win32.ActiveCfg = Release|Win32
		{7B1BC2A1-6696-9498-4997-6E6EDF76CC7C}.Release|Win32.Build.0 = Release|Win32
		{7D1B9890-E925-8ADF-BECD-C167AFD1AFFB}.Release|x64.ActiveCfg = Release|x64
		{7D1B9890-E925-8ADF-BECD-C167AFD1AFFB}.Release|x64.Build.0 = Release|x64
		{7D1B9890-E925-8ADF-BECD-C167AFD1AFFB}.Debug|Win32.ActiveCfg = Debug|Win32
		{7D1B9890-E925-8ADF-BECD-C167AFD1AFFB}.Debug|Win32.Build.0 = Debug|Win32
		{7D1B9890-E925-8ADF-BECD-C167AFD1AFFB}.Debug|x64.ActiveCfg = Debug|x64
		{7D1B9890-E925-8ADF-BECD-C167AFD1AFFB}.Debug|x64.Build.0 = Debug|x64
		{7D1B9890-E925-8ADF-BECD-C167AFD1AFFB}.Release|Win32.ActiveCfg = Release|Win32
		{7D1B9890-E925-8ADF-BECD-C167AFD1AFFB}.Release|Win32.Build.0 = Release|Win32
		{7DE7ED4E-7FE0-35A0-BE1C-8AD232EC77B6}.Release|x64.ActiveCfg = Release|x64
		{7DE7ED4E-7FE0-35A0-BE1C-8AD232EC77B6}.Release|x64.Build.0 = Release|x64
		{7DE7ED4E-7FE0-35A0-BE1C-8AD232EC77B6}.Debug|Win32.ActiveCfg = Debug|Win32
		{7DE7ED4E-7FE0-35A0-BE1C-8AD232EC77B6}.Debug|Win32.Build.0 = Debug|Win32
		{7DE7ED4E-7FE0-35A0-BE1C-8AD232EC77B6}.Debug|x64.ActiveCfg = Debug|x64
		{7DE7ED4E-7FE0-35A0-BE1C-8AD232EC77B6}.Debug|x64.Build.0 = Debug|x64
		{7DE7ED4E-7FE0-35A0-BE1C-8AD232EC77B6}.Release|Win32.ActiveCfg = Release|Win32
		{7DE7ED4E-7FE0-35A0-BE1C-8AD232EC77B6}.Release|Win32.Build.0 = Release|Win32
		{7F95C0EB-DDE5-7679-1904-6EA90A99C957}.Release|x64.ActiveCfg = Release|x64
		{7F95C0EB-DDE5-7679-1904-6EA90A99C957}.Release|x64.Build.0 = Release|x64
		{7F95C0EB-DDE5-7679-1904-6EA90A99C957}.Debug|Win32.ActiveCfg = Debug|Win32
		{7F95C0EB-DDE5-7679-1904-6EA90A99C957}.Debug|Win32.Build.0 = Debug|Win32
		{7F95C0EB-DDE5-7679-1904-6EA90A99C957}.Debug|x64.ActiveCfg = Debug|x64
		{7F95C0EB-DDE5-7679-1904-6EA90A99C957}.Debug|x64.Build.0 = Debug|x64
		{7F95C0EB-DDE5-7679-1904-6EA90A99C957}.Release|Win32.ActiveCfg = Release|Win32
		{7F95C0EB-DDE5-7679-1904-6EA90A99C957}.Release|Win32.Build.0 = Release|Win32
		{82BC22B5-1D58-28BA-8735-58B591E1D154}.Release|x64.ActiveCfg = Release|x64
		{82BC22B5-1D58-28BA-8735-58B591E1D154}.Release|x64.Build.0 = Release|x64
		{82BC22B5-1D58-28BA-8735-58B591E1D154}.Debug|Win32.ActiveCfg = Debug|Win32
		{82BC22B5-1D58-28BA-8735-58B591E1D154}.Debug|Win32.Build.0 = Debug|Win32
		{82BC22B5-1D58-28BA-8735-58B591E1D154}.Debug|x64.ActiveCfg = Debug|x64
		{82BC22B5-1D58-28BA-8735-58B591E1D154}.Debug|x64.Build.0 = Debug|x64
		{82BC22B5-1D58-28BA-8735-58B591E1D154}.Release|Win32.ActiveCfg = Release|Win32
		{82BC22B5-1D58-28BA-8735-58B591E1D154}.Release|Win32.Build.0 = Release|Win32
		{84231450-33B9-98C1-75F6-BCB94303CAAF}.Release|x64.ActiveCfg = Release|x64
		{84231450-33B9-98C1-75F6-BCB94303CAAF}.Release|x64.Build.0 = Release|x64
		{84231450-33B9-98C1-75F6-BCB94303CAAF}.Debug|Win32.ActiveCfg = Debug|Win32
		{84231450-33B9-98C1-75F6-BCB94303CAAF}.Debug|Win32.Build.0 = Debug|Win32
		{84231450-33B9-98C1-75F6-BCB94303CAAF}.Debug|x64.ActiveCfg = Debug|x64
		{84231450-33B9-98C1-75F6-BCB94303CAAF}.Debug|x64.Build.0 = Debug|x64
		{84231450-33B9-98C1-75F6-BCB94303CAAF}.Release|Win32.ActiveCfg = Release|Win32
		{84231450-33B9-98C1-75F6-BCB94303CAAF}.Release|Win32.Build.0 = Release|Win32
		{86DB0F97-A41F-34F1-2F87-CB28A427FA21}.Release|x64.ActiveCfg = Release|x64
		{86DB0F97-A41F-34F1-2F87-CB28A427FA21}.Release|x64.Build.0 = Release|x64
		{86DB0F97-A41F-34F1-2F87-CB28A427FA21}.Debug|Win32.ActiveCfg = Debug|Win32
		{86DB0F97-A41F-34F1-2F87-CB28A427FA21}.Debug|Win32.Build.0 = Debug|Win32
		{86DB0F97-A41F-34F1-2F87-CB28A427FA21}.Debug|x64.ActiveCfg = Debug|x64
		{86DB0F97-A41F-34F1-2F87-CB28A427FA21}.Debug|x64.Build.0 = Debug|x64
		{86DB0F97-A41F-34F1-2F87-CB28A427FA21}.Release|Win32.ActiveCfg = Release|Win32
		{86DB0F97-A41F-34F1-2F87-CB28A427FA21}.Release|Win32.Build.0 = Release|Win32
		{879286C0-3234-D14B-BB2C-32D4D1B809CE}.Release|x64.ActiveCfg = Release|x64
		{879286C0-3234-D14B-BB2C-32D4D1B809CE}.Release|x64.Build.0 = Release|x64
		{879286C0-3234-D14B-BB2C-32D4D1B809CE}.Debug|Win32.ActiveCfg = Debug|Win32
		{879286C0-3234-D14B-BB2C-32D4D1B809CE}.Debug|Win32.Build.0 = Debug|Win32
		{879286C0-3234-D14B-BB2C-32D4D1B809CE}.Debug|x64.ActiveCfg = Debug|x64
		{879286C0-3234-D14B-BB2C-32D4D1B809CE}.Debug|x64.Build.0 = Debug|x64
		{879286C0-3234-D14B-BB2C-32D4D1B809CE}.Release|Win32.ActiveCfg = Release|Win32
		{879286C0-3234-D14B-BB2C-32D4D1B809CE}.Release|Win32.Build.0 = Release|Win32
		{9745F06C-B612-3829-03D7-37571F76C6A1}.Release|x64.ActiveCfg = Release|x64
		{9745F06C-B612-3829-03D7-37571F76C6A1}.Release|x64.Build.0 = Release|x64
		{9745F06C-B612-3829-03D7-37571F76C6A1}.Debug|Win32.ActiveCfg = Debug|Win32
		{9745F06C-B612-3829-03D7-37571F76C6A1}.Debug|Win32.Build.0 = Debug|Win32
		{9745F06C-B612-3829-03D7-37571F76C6A1}.Debug|x64.ActiveCfg = Debug|x64
		{9745F06C-B612-3829-03D7-37571F76C6A1}.Debug|x64.Build.0 = Debug|x64
		{9745F06C-B612-3829-03D7-37571F76C6A1}.Release|Win32.ActiveCfg = Release|Win32
		{9745F06C-B612-3829-03D7-37571F76C6A1}.Release|Win32.Build.0 = Release|Win32
		{9E201604-82A4-D058-C20E-40EFA0C8DD4C}.Release|x64.ActiveCfg = Release|x64
		{9E201604-82A4-D058-C20E-40EFA0C8DD4C}.Release|x64.Build.0 = Release|x64
		{9E201604-82A4-D058-C20E-40EFA0C8DD4C}.Debug|Win32.ActiveCfg = Debug|Win32
		{9E201604-82A4-D058-C20E-40EFA0C8DD4C}.Debug|Win32.Build.0 = Debug|Win32
		{9E201604-82A4-D058-C20E-40EFA0C8DD4C}.Debug|x64.ActiveCfg = Debug|x64
		{9E201604-82A4-D058-C20E-40EFA0C8DD4C}.Debug|x64.Build.0 = Debug|x64
		{9E201604-82A4-D058-C20E-40EFA0C8DD4C}.Release|Win32.ActiveCfg = Release|Win32
		{9E201604-82A4-D058-C20E-40EFA0C8DD4C}.Release|Win32.Build.0 = Release|Win32
		{A506295C-CA51-F1BA-CF7F-A125A1248FFF}.Release|x64.ActiveCfg = Release|x64
		{A506295C-CA51-F1BA-CF7F-A125A1248FFF}.Release|x64.Build.0 = Release|x64
		{A506295C-CA51-F1BA-CF7F-A125A1248FFF}.Debug|Win32.ActiveCfg = Debug|Win32
		{A506295C-CA51-F1BA-CF7F-A125A1248FFF}.Debug|Win32.Build.0 = Debug|Win32
		{A506295C-CA51-F1BA-CF7F-A125A1248FFF}.Debug|x64.ActiveCfg = Debug|x64
		{A506295C-CA51-F1BA-CF7F-A125A1248FFF}.Debug|x64.Build.0 = Debug|x64
		{A506295C-CA51-F1BA-CF7F-A125A1248FFF}.Release|Win32.ActiveCfg = Release|Win32
		{A506295C-CA51-F1BA-CF7F-A125A1248FFF}.Release|Win32.Build.0 = Release|Win32
		{A50EF674-2788-FD77-664F-9C15C73B56AC}.Release|x64.ActiveCfg = Release|x64
		{A50EF674-2788-FD77-664F-9C15C73B56AC}.Release|x64.Build.0 = Release|x64
		{A50EF674-2788-FD77-664F-9C15C73B56AC}.Debug|Win32.ActiveCfg = Debug|Win32
		{A50EF674-2788-FD77-664F-9C15C73B56AC}.Debug|Win32.Build.0 = Debug|Win32
		{A50EF674-2788-FD77-664F-9C15C73B56AC}.Debug|x64.ActiveCfg = Debug|x64
		{A50EF674-2788-FD77-664F-9C15C73B56AC}.Debug|x64.Build.0 = Debug|x64
		{A50EF674-2788-FD77-664F-9C15C73B56AC}.Release|Win32.ActiveCfg = Release|Win32
		{A50EF674-2788-FD77-664F-9C15C73B56AC}.Release|Win32.Build.0 = Release|Win32
		{A5FDAF15-ED6C-19C2-65F8-F33A8E6B77EE}.Release|x64.ActiveCfg = Release|x64
		{A5FDAF15-ED6C-19C2-65F8-F33A8E6B77EE}.Release|x64.Build.0 = Release|x64
		{A5FDAF15-ED6C-19C2-65F8-F33A8E6B77EE}.Debug|Win32.ActiveCfg = Debug|Win32
		{A5FDAF15-ED6C-19C2-65F8-F33A8E6B77EE}.Debug|Win32.Build.0 = Debug|Win32
		{A5FDAF15-ED6C-19C2-65F8-F33A8E6B77EE}.Debug|x64.ActiveCfg = Debug|x64
		{A5FDAF15-ED6C-19C2-65F8-F33A8E6B77EE}.Debug|x64.Build.0 = Debug|x64
		{A5FDAF15-ED6C-19C2-65F8-F33A8E6B77EE}.Release|Win32.ActiveCfg = Release|Win32
		{A5FDAF15-ED6C-19C2-65F8-F33A8E6B77EE}.Release|Win32.Build.0 = Release|Win32
		{A9C8D0E0-D648-8E32-07CC-E505321C9CA6}.Release|x64.ActiveCfg = Release|x64
		{A9C8D0E0-D648-8E32-07CC-E505321C9CA6}.Release|x64.Build.0 = Release|x64
		{A9C8D0E0-D648-8E32-07CC-E505321C9CA6}.Debug|Win32.ActiveCfg = Debug|Win32
		{A9C8D0E0-D648-8E32-07CC-E505321C9CA6}.Debug|Win32.Build.0 = Debug|Win32
		{A9C8D0E0-D648-8E32-07CC-E505321C9CA6}.Debug|x64.ActiveCfg = Debug|x64
		{A9C8D0E0-D648-8E32-07CC-E505321C9CA6}.Debug|x64.Build.0 = Debug|x64
		{A9C8D0E0-D648-8E32-07CC-E505321C9CA6}.Release|Win32.ActiveCfg = Release|Win32
		{A9C8D0E0-D648-8E32-07CC-E505321C9CA6}.Release|Win32.Build.0 = Release|Win32
		{A9CA7560-7585-4CE3-1EC5-A0698EE97FF7}.Release|x64.ActiveCfg = Release|x64
		{A9CA7560-7585-4CE3-1EC5-A0698EE97FF7}.Release|x64.Build.0 = Release|x64
		{A9CA7560-7585-4CE3-1EC5-A0698EE97FF7}.Debug|Win32.ActiveCfg = Debug|Win32
		{A9CA7560-7585-4CE3-1EC5-A0698EE97FF7}.Debug|Win32.Build.0 = Debug|Win32
		{A9CA7560-7585-4CE3-1EC5-A0698EE97FF7}.Debug|x64.ActiveCfg = Debug|x64
		{A9CA7560-7585-4CE3-1EC5-A0698EE97FF7}.Debug|x64.Build.0 = Debug|x64
		{A9CA7560-7585-4CE3-1EC5-A0698EE97FF7}.Release|Win32.ActiveCfg = Release|Win32
		{A9CA7560-7585-4CE3-1EC5-A0698EE97FF7}.Release|Win32.Build.0 = Release|Win32
		{AA8A5A85-592B-4357-BC60-E0E91E026AF6}.Release|x64.ActiveCfg = Release|x64
		{AA8A5A85-592B-4357-BC60-E0E91E026AF6}.Release|x64.Build.0 = Release|x64
		{AA8A5A85-592B-4357-BC60-E0E91E026AF6}.Debug|Win32.ActiveCfg = Debug|Win32
		{AA8A5A85-592B-4357-BC60-E0E91E026AF6}.Debug|Win32.Build.0 = Debug|Win32
		{AA8A5A85-592B-4357-BC60-E0E91E026AF6}.Debug|x64.ActiveCfg = Debug|x64
		{AA8A5A85-592B-4357-BC60-E0E91E026AF6}.Debug|x64.Build.0 = Debug|x64
		{AA8A5A85-592B-4357-BC60-E0E91E026AF6}.Release|Win32.ActiveCfg = Release|Win32
		{AA8A5A85-592B-4357-BC60-E0E91E026AF6}.Release|Win32.Build.0 = Release|Win32
		{ACFCF6F5-0D91-D7C0-2B6C-121046967DCA}.Release|x64.ActiveCfg = Release|x64
		{ACFCF6F5-0D91-D7C0-2B6C-121046967DCA}.Release|x64.Build.0 = Release|x64
		{ACFCF6F5-0D91-D7C0-2B6C-121046967DCA}.Debug|Win32.ActiveCfg = Debug|Win32
		{ACFCF6F5-0D91-D7C0-2B6C-121046967DCA}.Debug|Win32.Build.0 = Debug|Win32
		{ACFCF6F5-0D91-D7C0-2B6C-121046967DCA}.Debug|x64.ActiveCfg = Debug|x64
		{ACFCF6F5-0D91-D7C0-2B6C-121046967DCA}.Debug|x64.Build.0 = Debug|x64
		{ACFCF6F5-0D91-D7C0-2B6C-121046967DCA}.Release|Win32.ActiveCfg = Release|Win32
		{ACFCF6F5-0D91-D7C0-2B6C-121046967DCA}.Release|Win32.Build.0 = Release|Win32
		{B27372DD-81D1-D54C-2730-8A99904230AA}.Release|x64.ActiveCfg = Release|x64
		{B27372DD-81D1-D54C-2730-8A99904230AA}.Release|x64.Build.0 = Release|x64
		{B27372DD-81D1-D54C-2730-8A99904230AA}.Debug|Win32.ActiveCfg = Debug|Win32
		{B27372DD-81D1-D54C-2730-8A99904230AA}.Debug|Win32.Build.0 = Debug|Win32
		{B27372DD-81D1-D54C-2730-8A99904230AA}.Debug|x64.ActiveCfg = Debug|x64
		{B27372DD-81D1-D54C-2730-8A99904230AA}.Debug|x64.Build.0 = Debug|x64
		{B27372DD-81D1-D54C-2730-8A99904230AA}.Release|Win32.ActiveCfg = Release|Win32
		{B27372DD-81D1-D54C-2730-8A99904230AA}.Release|Win32.Build.0 = Release|Win32
		{D060C15E-75C3-B88B-3262-513EFD5FE59C}.Release|x64.ActiveCfg = Release|x64
		{D060C15E-75C3-B88B-3262-513EFD5FE59C}.Release|x64.Build.0 = Release|x64
		{D060C15E-75C3-B88B-3262-513EFD5FE59C}.Debug|Win32.ActiveCfg = Debug|Win32
		{D060C15E-75C3-B88B-3262-513EFD5FE59C}.Debug|Win32.Build.0 = Debug|Win32
		{D060C15E-75C3-B88B-3262-513EFD5FE59C}.Debug|x64.ActiveCfg = Debug|x64
		{D060C15E-75C3-B88B-3262-513EFD5FE59C}.Debug|x64.Build.0 = Debug|x64
		{D060C15E-75C3-B88B-3262-513EFD5FE59C}.Release|Win32.ActiveCfg = Release|Win32
		{D060C15E-75C3-B88B-3262-513EFD5FE59C}.Release|Win32.Build.0 = Release|Win32
		{D28CF9C7-B857-C11E-B94D-ECA46CDEB3CE}.Release|x64.ActiveCfg = Release|x64
		{D28CF9C7-B857-C11E-B94D-ECA46CDEB3CE}.Release|x64.Build.0 = Release|x64
		{D28CF9C7-B857-C11E-B94D-ECA46CDEB3CE}.Debug|Win32.ActiveCfg = Debug|Win32
		{D28CF9C7-B857-C11E-B94D-ECA46CDEB3CE}.Debug|Win32.Build.0 = Debug|Win32
		{D28CF9C7-B857-C11E-B94D-ECA46CDEB3CE}.Debug|x64.ActiveCfg = Debug|x64
		{D28CF9C7-B857-C11E-B94D-ECA46CDEB3CE}.Debug|x64.Build.0 = Debug|x64
		{D28CF9C7-B857-C11E-B94D-ECA46CDEB3CE}.Release|Win32.ActiveCfg = Release|Win32
		{D28CF9C7-B857-C11E-B94D-ECA46CDEB3CE}.Release|Win32.Build.0 = Release|Win32
		{D6005D12-070D-FC31-0391-ABBAF85B1C5D}.Release|x64.ActiveCfg = Release|x64
		{D6005D12-070D-FC31-0391-ABBAF85B1C5D}.Release|x64.Build.0 = Release|x64
		{D6005D12-070D-FC31-0391-ABBAF85B1C5D}.Debug|Win32.ActiveCfg = Debug|Win32
		{D6005D12-070D-FC31-0391-ABBAF85B1C5D}.Debug|Win32.Build.0 = Debug|Win32
		{D6005D12-070D-FC31-0391-ABBAF85B1C5D}.Debug|x64.ActiveCfg = Debug|x64
		{D6005D12-070D-FC31-0391-ABBAF85B1C5D}.Debug|x64.Build.0 = Debug|x64
		{D6005D12-070D-FC31-0391-ABBAF85B1C5D}.Release|Win32.ActiveCfg = Release|Win32
		{D6005D12-070D-FC31-0391-ABBAF85B1C5D}.Release|Win32.Build.0 = Release|Win32
		{D7A94F58-576A-45D9-A45F-EB87C63ABBB0}.Release|x64.ActiveCfg = Release|x64
		{D7A94F58-576A-45D9-A45F-EB87C63ABBB0}.Release|x64.Build.0 = Release|x64
		{D7A94F58-576A-45D9-A45F-EB87C63ABBB0}.Debug|Win32.ActiveCfg = Debug|Win32
		{D7A94F58-576A-45D9-A45F-EB87C63ABBB0}.Debug|Win32.Build.0 = Debug|Win32
		{D7A94F58-576A-45D9-A45F-EB87C63ABBB0}.Debug|x64.ActiveCfg = Debug|x64
		{D7A94F58-576A-45D9-A45F-EB87C63ABBB0}.Debug|x64.Build.0 = Debug|x64
		{D7A94F58-576A-45D9-A45F-EB87C63ABBB0}.Release|Win32.ActiveCfg = Release|Win32
		{D7A94F58-576A-45D9-A45F-EB87C63ABBB0}.Release|Win32.Build.0 = Release|Win32
		{DA6CD78F-6A80-A996-547D-2404C4E2371B}.Release|x64.ActiveCfg = Release|x64
		{DA6CD78F-6A80-A996-547D-2404C4E2371B}.Release|x64.Build.0 = Release|x64
		{DA6CD78F-6A80-A996-547D-2404C4E2371B}.Debug|Win32.ActiveCfg = Debug|Win32
		{DA6CD78F-6A80-A996-547D-2404C4E2371B}.Debug|Win32.Build.0 = Debug|Win32
		{DA6CD78F-6A80-A996-547D-2404C4E2371B}.Debug|x64.ActiveCfg = Debug|x64
		{DA6CD78F-6A80-A996-547D-2404C4E2371B}.Debug|x64.Build.0 = Debug|x64
		{DA6CD78F-6A80-A996-547D-2404C4E2371B}.Release|Win32.ActiveCfg = Release|Win32
		{DA6CD78F-6A80-A996-547D-2404C4E2371B}.Release|Win32.Build.0 = Release|Win32
		{E38542A8-4343-7E67-669D-5B107DF1937A}.Release|x64.ActiveCfg = Release|x64
		{E38542A8-4343-7E67-669D-5B107DF1937A}.Release|x64.Build.0 = Release|x64
		{E38542A8-4343-7E67-669D-5B107DF1937A}.Debug|Win32.ActiveCfg = Debug|Win32
		{E38542A8-4343-7E67-669D-5B107DF1937A}.Debug|Win32.Build.0 = Debug|Win32
		{E38542A8-4343-7E67-669D-5B107DF1937A}.Debug|x64.ActiveCfg = Debug|x64
		{E38542A8-4343-7E67-669D-5B107DF1937A}.Debug|x64.Build.0 = Debug|x64
		{E38542A8-4343-7E67-669D-5B107DF1937A}.Release|Win32.ActiveCfg = Release|Win32
		{E38542A8-4343-7E67-669D-5B107DF1937A}.Release|Win32.Build.0 = Release|Win32
		{E47B2B19-B1DB-2FE2-B4B2-855C3C2C034A}.Release|x64.ActiveCfg = Release|x64
		{E47B2B19-B1DB-2FE2-B4B2-855C3C2C034A}.Release|x64.Build.0 = Release|x64
		{E47B2B19-B1DB-2FE2-B4B2-855C3C2C034A}.Debug|Win32.ActiveCfg = Debug|Win32
		{E47B2B19-B1DB-2FE2-B4B2-855C3C2C034A}.Debug|Win32.Build.0 = Debug|Win32
		{E47B2B19-B1DB-2FE2-B4B2-855C3C2C034A}.Debug|x64.ActiveCfg = Debug|x64
		{E47B2B19-B1DB-2FE2-B4B2-855C3C2C034A}.Debug|x64.Build.0 = Debug|x64
		{E47B2B19-B1DB-2FE2-B4B2-855C3C2C034A}.Release|Win32.ActiveCfg = Release|Win32
		{E47B2B19-B1DB-2FE2-B4B2-855C3C2C034A}.Release|Win32.Build.0 = Release|Win32
		{E5731D74-4576-67F1-9694-CD7F4BA06C45}.Release|x64.ActiveCfg = Release|x64
		{E5731D74-4576-67F1-9694-CD7F4BA06C45}.Release|x64.Build.0 = Release|x64
		{E5731D74-4576-67F1-9694-CD7F4BA06C45}.Debug|Win32.ActiveCfg = Debug|Win32
		{E5731D74-4576-67F1-9694-CD7F4BA06C45}.Debug|Win32.Build.0 = Debug|Win32
		{E5731D74-4576-67F1-9694-CD7F4BA06C45}.Debug|x64.ActiveCfg = Debug|x64
		{E5731D74-4576-67F1-9694-CD7F4BA06C45}.Debug|x64.Build.0 = Debug|x64
		{E5731D74-4576-67F1-9694-CD7F4BA06C45}.Release|Win32.ActiveCfg = Release|Win32
		{E5731D74-4576-67F1-9694-CD7F4BA06C45}.Release|Win32.Build.0 = Release|Win32
		{E5F91912-1D2E-722A-4454-BB66B34A2A8E}.Release|x64.ActiveCfg = Release|x64
		{E5F91912-1D2E-722A-4454-BB66B34A2A8E}.Release|x64.Build.0 = Release|x64
		{E5F91912-1D2E-722A-4454-BB66B34A2A8E}.Debug|Win32.ActiveCfg = Debug|Win32
		{E5F91912-1D2E-722A-4454-BB66B34A2A8E}.Debug|Win32.Build.0 = Debug|Win32
		{E5F91912-1D2E-722A-4454-BB66B34A2A8E}.Debug|x64.ActiveCfg = Debug|x64
		{E5F91912-1D2E-722A-4454-BB66B34A2A8E}.Debug|x64.Build.0 = Debug|x64
		{E5F91912-1D2E-722A-4454-BB66B34A2A8E}.Release|Win32.ActiveCfg = Release|Win32
		{E5F91912-1D2E-722A-4454-BB66B34A2A8E}.Release|Win32.Build.0 = Release|Win32
		{E798F469-96F1-BC24-1ABE-D8C3C25A40B5}.Release|x64.ActiveCfg = Release|x64
		{E798F469-96F1-BC24-1ABE-D8C3C25A40B5}.Release|x64.Build.0 = Release|x64
		{E798F469-96F1-BC24-1ABE-D8C3C25A40B5}.Debug|Win32.ActiveCfg = Debug|Win32
		{E798F469-96F1-BC24-1ABE-D8C3C25A40B5}.Debug|Win32.Build.0 = Debug|Win32
		{E798F469-96F1-BC24-1ABE-D8C3C25A40B5}.Debug|x64.ActiveCfg = Debug|x64
		{E798F469-96F1-BC24-1ABE-D8C3C25A40B5}.Debug|x64.Build.0 = Debug|x64
		{E798F469-96F1-BC24-1ABE-D8C3C25A40B5}.Release|Win32.ActiveCfg = Release|Win32
		{E798F469-96F1-BC24-1ABE-D8C3C25A40B5}.Release|Win32.Build.0 = Release|Win32
		{F28D7AB0-9F8C-8763-6413-BC11EF417451}.Release|x64.ActiveCfg = Release|x64
		{F28D7AB0-9F8C-8763-6413-BC11EF417451}.Release|x64.Build.0 = Release|x64
		{F28D7AB0-9F8C-8763-6413-BC11EF417451}.Debug|Win32.ActiveCfg = Debug|Win32
		{F28D7AB0-9F8C-8763-6413-BC11EF417451}.Debug|Win32.Build.0 = Debug|Win32
		{F28D7AB0-9F8C-8763-6413-BC11EF417451}.Debug|x64.ActiveCfg = Debug|x64
		{F28D7AB0-9F8C-8763-6413-BC11EF417451}.Debug|x64.Build.0 = Debug|x64
		{F28D7AB0-9F8C-8763-6413-BC11EF417451}.Release|Win32.ActiveCfg = Release|Win32
		{F28D7AB0-9F8C-8763-6413-BC11EF417451}.Release|Win32.Build.0 = Release|Win32
		{F6795CB7-29A6-7345-A30E-0F620B45EA88}.Release|x64.ActiveCfg = Release|x64
		{F6795CB7-29A6-7345-A30E-0F620B45EA88}.Release|x64.Build.0 = Release|x64
		{F6795CB7-29A6-7345-A30E-0F620B45EA88}.Debug|Win32.ActiveCfg = Debug|Win32
		{F6795CB7-29A6-7345-A30E-0F620B45EA88}.Debug|Win32.Build.0 = Debug|Win32
		{F6795CB7-29A6-7345-A30E-0F620B45EA88}.Debug|x64.ActiveCfg = Debug|x64
		{F6795CB7-29A6-7345-A30E-0F620B45EA88}.Debug|x64.Build.0 = Debug|x64
		{F6795CB7-29A6-7345-A30E-0F620B45EA88}.Release|Win32.ActiveCfg = Release|Win32
		{F6795CB7-29A6-7345-A30E-0F620B45EA88}.Release|Win32.Build.0 = Release|Win32
		{F71B5273-A0BE-C75C-0583-3867DA563F33}.Release|x64.ActiveCfg = Release|x64
		{F71B5273-A0BE-C75C-0583-3867DA563F33}.Release|x64.Build.0 = Release|x64
		{F71B5273-A0BE-C75C-0583-3867DA563F33}.Debug|Win32.ActiveCfg = Debug|Win32
		{F71B5273-A0BE-C75C-0583-3867DA563F33}.Debug|Win32.Build.0 = Debug|Win32
		{F71B5273-A0BE-C75C-0583-3867DA563F33}.Debug|x64.ActiveCfg = Debug|x64
		{F71B5273-A0BE-C75C-0583-3867DA563F33}.Debug|x64.Build.0 = Debug|x64
		{F71B5273-A0BE-C75C-0583-3867DA563F33}.Release|Win32.ActiveCfg = Release|Win32
		{F71B5273-A0BE-C75C-0583-3867DA563F33}.Release|Win32.Build.0 = Release|Win32
	EndGlobalSection
	GlobalSection(SolutionProperties) = preSolution
		HideSolutionNode = FALSE
	EndGlobalSection
	GlobalSection(NestedProjects) = preSolution
		{E5FE4C71-00DC-CF87-A85D-BCDA34DA8E6E} = {890876AF-329E-A0A3-4767-BCDF1E3A9A5F}
		{2E2D3301-2EC4-4C0F-B889-87073B30F673} = {E5FE4C71-00DC-CF87-A85D-BCDA34DA8E6E}
		{AA8A5A85-592B-4357-BC60-E0E91E026AF6} = {E5FE4C71-00DC-CF87-A85D-BCDA34DA8E6E}
		{49909552-0B0C-4C14-8CF6-DB8A2ADE0934} = {E5FE4C71-00DC-CF87-A85D-BCDA34DA8E6E}
		{5907F020-F049-CB45-E7D0-3A55ADE6D49E} = {D5536B1B-0215-0B8D-2C6B-01AF474C999D}
		{0B179ABE-B93E-9EEB-A0AC-522069DD2DB9} = {D5536B1B-0215-0B8D-2C6B-01AF474C999D}
		{890876AF-329E-A0A3-4767-BCDF1E3A9A5F} = {D5536B1B-0215-0B8D-2C6B-01AF474C999D}
		{5274A0C3-F95D-6D0B-33BA-44B335D6D80B} = {5907F020-F049-CB45-E7D0-3A55ADE6D49E}
		{3482FB59-C3AD-3C81-B977-BF081F4C743D} = {0B179ABE-B93E-9EEB-A0AC-522069DD2DB9}
		{5E53223B-E311-B960-BE8D-A5FCADE5B04F} = {3482FB59-C3AD-3C81-B977-BF081F4C743D}
		{18D6ABEE-A021-D069-7BE7-956D1AA88F43} = {3482FB59-C3AD-3C81-B977-BF081F4C743D}
		{E5731D74-4576-67F1-9694-CD7F4BA06C45} = {3482FB59-C3AD-3C81-B977-BF081F4C743D}
		{9745F06C-B612-3829-03D7-37571F76C6A1} = {3482FB59-C3AD-3C81-B977-BF081F4C743D}
		{7F95C0EB-DDE5-7679-1904-6EA90A99C957} = {3482FB59-C3AD-3C81-B977-BF081F4C743D}
		{6FC35205-47FC-97B4-7D6E-8FC6BB99AB82} = {3482FB59-C3AD-3C81-B977-BF081F4C743D}
		{76C9BDD8-004F-4705-8DCA-780630547F7D} = {3482FB59-C3AD-3C81-B977-BF081F4C743D}
		{56A8D7B7-66A4-D224-F77D-59D7FF3D2BD1} = {3482FB59-C3AD-3C81-B977-BF081F4C743D}
		{F28D7AB0-9F8C-8763-6413-BC11EF417451} = {3482FB59-C3AD-3C81-B977-BF081F4C743D}
		{A9C8D0E0-D648-8E32-07CC-E505321C9CA6} = {3482FB59-C3AD-3C81-B977-BF081F4C743D}
		{7D1B9890-E925-8ADF-BECD-C167AFD1AFFB} = {3482FB59-C3AD-3C81-B977-BF081F4C743D}
		{A9CA7560-7585-4CE3-1EC5-A0698EE97FF7} = {3482FB59-C3AD-3C81-B977-BF081F4C743D}
		{3AA4EBE3-F36D-DD76-59CD-A8BF22AAC488} = {3482FB59-C3AD-3C81-B977-BF081F4C743D}
		{7B1BC2A1-6696-9498-4997-6E6EDF76CC7C} = {3482FB59-C3AD-3C81-B977-BF081F4C743D}
		{199B9BA3-11E4-EA84-3DB3-276F9F82D705} = {3482FB59-C3AD-3C81-B977-BF081F4C743D}
		{1304C508-03B8-6E8F-6AA3-48732857CE35} = {3482FB59-C3AD-3C81-B977-BF081F4C743D}
		{D5536B1B-0215-0B8D-2C6B-01AF474C999D} = {7C6CDB29-38D7-8364-748C-AEAAD8CCFB36}
		{1AF8C68F-B8D1-BD7D-27E7-9BA001DECAFD} = {E84BD6B4-44F2-6E18-7DE5-1E60AEB78443}
		{C7F83F05-8335-05BC-FABC-52BB99106795} = {4D091BEB-A76B-E8AB-36FD-0A80BA9DE97D}
		{0BFC078D-10E5-1E26-46A4-DD6A65D3A870} = {9785FB75-982A-5DE3-252D-3F288B9FEF5B}
		{3E7FA5AF-27B3-2DE0-883C-12F98E7F4E81} = {9785FB75-982A-5DE3-252D-3F288B9FEF5B}
		{1B1B260C-1F5C-D07A-7D05-9D70F24BA0A8} = {9785FB75-982A-5DE3-252D-3F288B9FEF5B}
		{9E201604-82A4-D058-C20E-40EFA0C8DD4C} = {9785FB75-982A-5DE3-252D-3F288B9FEF5B}
		{E5F91912-1D2E-722A-4454-BB66B34A2A8E} = {B1454302-08CC-4DE1-86ED-9EFD23B0B19E}
		{508CFAE9-AC6C-0A1B-F839-F5B4DE89F3D7} = {B1454302-08CC-4DE1-86ED-9EFD23B0B19E}
		{E8172FD5-71EF-020B-71B0-9838CD43BF8E} = {BC1FC5DA-9C54-7D77-0BFF-DEDDFD7A8F6C}
		{299D9456-929B-5224-943D-BFC2576C69EA} = {BC1FC5DA-9C54-7D77-0BFF-DEDDFD7A8F6C}
		{ACFCF6F5-0D91-D7C0-2B6C-121046967DCA} = {444F34C0-8E76-FF80-D66A-CDECEA56E6CF}
		{31E6CEFC-D6D7-CAF8-351A-C2997AA347D5} = {5274A0C3-F95D-6D0B-33BA-44B335D6D80B}
		{0B3473E8-0E51-FD23-D332-32215C62FCC8} = {C2E276B7-2737-A889-723C-CE2956B80FB7}
		{73567E7A-CD96-9778-5847-70084CD79BAD} = {C2E276B7-2737-A889-723C-CE2956B80FB7}
		{F6795CB7-29A6-7345-A30E-0F620B45EA88} = {C2E276B7-2737-A889-723C-CE2956B80FB7}
		{86DB0F97-A41F-34F1-2F87-CB28A427FA21} = {C2E276B7-2737-A889-723C-CE2956B80FB7}
		{3FDEE94A-9D58-DECE-74BA-5565754EFEFF} = {C2E276B7-2737-A889-723C-CE2956B80FB7}
		{879286C0-3234-D14B-BB2C-32D4D1B809CE} = {7FAA885C-04CF-4C6B-16F0-E9F0B44641AF}
		{6B52D8DC-D637-A223-A5D6-5D398661A1A1} = {7FAA885C-04CF-4C6B-16F0-E9F0B44641AF}
		{82BC22B5-1D58-28BA-8735-58B591E1D154} = {7FAA885C-04CF-4C6B-16F0-E9F0B44641AF}
		{0DDC1AA2-9418-2337-6268-A7FC5212154C} = {7FAA885C-04CF-4C6B-16F0-E9F0B44641AF}
		{B27372DD-81D1-D54C-2730-8A99904230AA} = {7FAA885C-04CF-4C6B-16F0-E9F0B44641AF}
		{688695F9-2D8C-62FD-E442-82C313303E2C} = {7FAA885C-04CF-4C6B-16F0-E9F0B44641AF}
		{68211F8F-DDD9-A40A-3660-695EA962F934} = {2DE59335-96CE-10CA-CDE5-FEC35E3549BB}
		{1025800C-CD3F-9517-9336-3CA36B16CD86} = {2DE59335-96CE-10CA-CDE5-FEC35E3549BB}
		{E47B2B19-B1DB-2FE2-B4B2-855C3C2C034A} = {2DE59335-96CE-10CA-CDE5-FEC35E3549BB}
		{20C02F87-079A-3486-0F14-8CE834F46C96} = {A9EB8559-7015-13E0-0462-D9901FC693FD}
		{04AEFA47-82A8-CAF8-5162-F92B65354C95} = {476259E6-2A82-0B89-08ED-5CD6A088F90C}
		{6A317C26-963B-BE98-DC9C-95AA35D2D741} = {476259E6-2A82-0B89-08ED-5CD6A088F90C}
		{D6005D12-070D-FC31-0391-ABBAF85B1C5D} = {476259E6-2A82-0B89-08ED-5CD6A088F90C}
		{77B38372-DECC-9BFD-BDE7-AA07464BA34C} = {96A8EC63-88DB-B85C-EEBC-43667C60DEB3}
		{5A566D8E-9FAB-ED62-0C7C-BD22FF9AF8A2} = {96A8EC63-88DB-B85C-EEBC-43667C60DEB3}
		{77DD7F90-1E1B-2B83-6CD6-1D7D3AC100D5} = {96A8EC63-88DB-B85C-EEBC-43667C60DEB3}
		{79B237A2-B5B0-6423-A679-FCA44378ACF1} = {96A8EC63-88DB-B85C-EEBC-43667C60DEB3}
		{66FE90D0-8F39-7569-6EC3-65591C74DD39} = {96A8EC63-88DB-B85C-EEBC-43667C60DEB3}
		{D060C15E-75C3-B88B-3262-513EFD5FE59C} = {91989827-5B0C-52D9-1FE9-9553D672A5E7}
		{734E8BCE-B176-FFC7-D86A-3A843A26342E} = {CD014008-1CDB-809B-D770-C67A261539F7}
		{DA6CD78F-6A80-A996-547D-2404C4E2371B} = {CD014008-1CDB-809B-D770-C67A261539F7}
		{E38542A8-4343-7E67-669D-5B107DF1937A} = {5B17195B-58DF-4533-4FE7-D2747913694E}
		{71309F2F-CA6B-BD48-4995-6A84EB984622} = {5B17195B-58DF-4533-4FE7-D2747913694E}
		{3D9E1C1F-A68D-9C2F-026D-9E83E2DF28A2} = {5B17195B-58DF-4533-4FE7-D2747913694E}
		{4C954A87-EBAA-D440-0B5E-4343FE591CEA} = {1AF8C68F-B8D1-BD7D-27E7-9BA001DECAFD}
		{688C1FFA-9285-0352-F43B-E5D7666D75DE} = {C7F83F05-8335-05BC-FABC-52BB99106795}
		{4D2BC45D-F97B-003C-C1C2-AD51D5DDEB28} = {299D9456-929B-5224-943D-BFC2576C69EA}
		{6D2E9365-C662-5EC3-2A65-AD7D1FF9FF69} = {3E7FA5AF-27B3-2DE0-883C-12F98E7F4E81}
		{91989827-5B0C-52D9-1FE9-9553D672A5E7} = {5A566D8E-9FAB-ED62-0C7C-BD22FF9AF8A2}
		{2BCC266C-D9F4-8115-2A34-2580FDAA3AB5} = {89C816A7-DD31-D54C-C69C-5A80E0C49B77}
		{59A5EF20-1CA5-F296-FB4D-2CA57B03C38E} = {89C816A7-DD31-D54C-C69C-5A80E0C49B77}
		{E84BD6B4-44F2-6E18-7DE5-1E60AEB78443} = {89C816A7-DD31-D54C-C69C-5A80E0C49B77}
		{D7A94F58-576A-45D9-A45F-EB87C63ABBB0} = {89C816A7-DD31-D54C-C69C-5A80E0C49B77}
		{EE1A9025-A3DC-0B5E-CE5A-657A233913B2} = {89C816A7-DD31-D54C-C69C-5A80E0C49B77}
		{43807E9E-3D83-E8E4-8CD1-13E98FFC6045} = {89C816A7-DD31-D54C-C69C-5A80E0C49B77}
		{A9EB8559-7015-13E0-0462-D9901FC693FD} = {89C816A7-DD31-D54C-C69C-5A80E0C49B77}
		{E798F469-96F1-BC24-1ABE-D8C3C25A40B5} = {89C816A7-DD31-D54C-C69C-5A80E0C49B77}
		{7DE7ED4E-7FE0-35A0-BE1C-8AD232EC77B6} = {89C816A7-DD31-D54C-C69C-5A80E0C49B77}
		{476259E6-2A82-0B89-08ED-5CD6A088F90C} = {89C816A7-DD31-D54C-C69C-5A80E0C49B77}
		{84231450-33B9-98C1-75F6-BCB94303CAAF} = {89C816A7-DD31-D54C-C69C-5A80E0C49B77}
		{47147286-98E1-2D92-741D-25EC4080A51F} = {89C816A7-DD31-D54C-C69C-5A80E0C49B77}
		{2DE59335-96CE-10CA-CDE5-FEC35E3549BB} = {89C816A7-DD31-D54C-C69C-5A80E0C49B77}
		{7C6CDB29-38D7-8364-748C-AEAAD8CCFB36} = {89C816A7-DD31-D54C-C69C-5A80E0C49B77}
		{0B47BB36-97B0-4A14-3068-F54D02572CF7} = {89C816A7-DD31-D54C-C69C-5A80E0C49B77}
		{F71B5273-A0BE-C75C-0583-3867DA563F33} = {89C816A7-DD31-D54C-C69C-5A80E0C49B77}
		{A506295C-CA51-F1BA-CF7F-A125A1248FFF} = {89C816A7-DD31-D54C-C69C-5A80E0C49B77}
		{CD014008-1CDB-809B-D770-C67A261539F7} = {89C816A7-DD31-D54C-C69C-5A80E0C49B77}
		{A50EF674-2788-FD77-664F-9C15C73B56AC} = {89C816A7-DD31-D54C-C69C-5A80E0C49B77}
		{7FAA885C-04CF-4C6B-16F0-E9F0B44641AF} = {E95778BD-E4AC-C3D0-84EF-83684E04593A}
		{A5FDAF15-ED6C-19C2-65F8-F33A8E6B77EE} = {644B7826-0417-C19E-B1ED-C0BF73289DEE}
		{444F34C0-8E76-FF80-D66A-CDECEA56E6CF} = {644B7826-0417-C19E-B1ED-C0BF73289DEE}
		{4D091BEB-A76B-E8AB-36FD-0A80BA9DE97D} = {644B7826-0417-C19E-B1ED-C0BF73289DEE}
		{07AC0174-9F23-1498-B060-0C25D66B1814} = {644B7826-0417-C19E-B1ED-C0BF73289DEE}
		{E95778BD-E4AC-C3D0-84EF-83684E04593A} = {F3545621-A177-A1E7-26DB-108FF716F075}
		{B1454302-08CC-4DE1-86ED-9EFD23B0B19E} = {EE1A9025-A3DC-0B5E-CE5A-657A233913B2}
		{D28CF9C7-B857-C11E-B94D-ECA46CDEB3CE} = {E8172FD5-71EF-020B-71B0-9838CD43BF8E}
	EndGlobalSection
EndGlobal
